
Microsoft Visual Studio Solution File, Format Version 12.00
# Visual Studio 2013
VisualStudioVersion = 12.0.31101.0
MinimumVisualStudioVersion = 10.0.40219.1
Project("{FAE04EC0-301F-11D3-BF4B-00C04F79EFBC}") = "Phone80SL", "Phone80SL\Phone80SL.csproj", "{3403A0FD-1FBD-4369-8013-0C1C43B422CC}"
EndProject
Global
	GlobalSection(SolutionConfigurationPlatforms) = preSolution
		Debug|Any CPU = Debug|Any CPU
		Debug|ARM = Debug|ARM
		Debug|x86 = Debug|x86
		Release|Any CPU = Release|Any CPU
		Release|ARM = Release|ARM
		Release|x86 = Release|x86
	EndGlobalSection
	GlobalSection(ProjectConfigurationPlatforms) = postSolution
		{3403A0FD-1FBD-4369-8013-0C1C43B422CC}.Debug|Any CPU.ActiveCfg = Debug|Any CPU
		{3403A0FD-1FBD-4369-8013-0C1C43B422CC}.Debug|Any CPU.Build.0 = Debug|Any CPU
		{3403A0FD-1FBD-4369-8013-0C1C43B422CC}.Debug|Any CPU.Deploy.0 = Debug|Any CPU
		{3403A0FD-1FBD-4369-8013-0C1C43B422CC}.Debug|ARM.ActiveCfg = Debug|ARM
		{3403A0FD-1FBD-4369-8013-0C1C43B422CC}.Debug|ARM.Build.0 = Debug|ARM
		{3403A0FD-1FBD-4369-8013-0C1C43B422CC}.Debug|ARM.Deploy.0 = Debug|ARM
		{3403A0FD-1FBD-4369-8013-0C1C43B422CC}.Debug|x86.ActiveCfg = Debug|x86
		{3403A0FD-1FBD-4369-8013-0C1C43B422CC}.Debug|x86.Build.0 = Debug|x86
		{3403A0FD-1FBD-4369-8013-0C1C43B422CC}.Debug|x86.Deploy.0 = Debug|x86
		{3403A0FD-1FBD-4369-8013-0C1C43B422CC}.Release|Any CPU.ActiveCfg = Release|Any CPU
		{3403A0FD-1FBD-4369-8013-0C1C43B422CC}.Release|Any CPU.Build.0 = Release|Any CPU
		{3403A0FD-1FBD-4369-8013-0C1C43B422CC}.Release|Any CPU.Deploy.0 = Release|Any CPU
		{3403A0FD-1FBD-4369-8013-0C1C43B422CC}.Release|ARM.ActiveCfg = Release|ARM
		{3403A0FD-1FBD-4369-8013-0C1C43B422CC}.Release|ARM.Build.0 = Release|ARM
		{3403A0FD-1FBD-4369-8013-0C1C43B422CC}.Release|ARM.Deploy.0 = Release|ARM
		{3403A0FD-1FBD-4369-8013-0C1C43B422CC}.Release|x86.ActiveCfg = Release|x86
		{3403A0FD-1FBD-4369-8013-0C1C43B422CC}.Release|x86.Build.0 = Release|x86
		{3403A0FD-1FBD-4369-8013-0C1C43B422CC}.Release|x86.Deploy.0 = Release|x86
	EndGlobalSection
	GlobalSection(SolutionProperties) = preSolution
		HideSolutionNode = FALSE
	EndGlobalSection
EndGlobal
