
Microsoft Visual Studio Solution File, Format Version 12.00
# Visual Studio 2013
VisualStudioVersion = 12.0.31101.0
MinimumVisualStudioVersion = 10.0.40219.1
Project("{FAE04EC0-301F-11D3-BF4B-00C04F79EFBC}") = "Phone81SL", "Phone81SL\Phone81SL.csproj", "{E5A38E57-3AAD-49A2-8005-79F816473A96}"
EndProject
Global
	GlobalSection(SolutionConfigurationPlatforms) = preSolution
		Debug|Any CPU = Debug|Any CPU
		Debug|ARM = Debug|ARM
		Debug|x86 = Debug|x86
		Release|Any CPU = Release|Any CPU
		Release|ARM = Release|ARM
		Release|x86 = Release|x86
	EndGlobalSection
	GlobalSection(ProjectConfigurationPlatforms) = postSolution
		{E5A38E57-3AAD-49A2-8005-79F816473A96}.Debug|Any CPU.ActiveCfg = Debug|Any CPU
		{E5A38E57-3AAD-49A2-8005-79F816473A96}.Debug|Any CPU.Build.0 = Debug|Any CPU
		{E5A38E57-3AAD-49A2-8005-79F816473A96}.Debug|Any CPU.Deploy.0 = Debug|Any CPU
		{E5A38E57-3AAD-49A2-8005-79F816473A96}.Debug|ARM.ActiveCfg = Debug|ARM
		{E5A38E57-3AAD-49A2-8005-79F816473A96}.Debug|ARM.Build.0 = Debug|ARM
		{E5A38E57-3AAD-49A2-8005-79F816473A96}.Debug|ARM.Deploy.0 = Debug|ARM
		{E5A38E57-3AAD-49A2-8005-79F816473A96}.Debug|x86.ActiveCfg = Debug|x86
		{E5A38E57-3AAD-49A2-8005-79F816473A96}.Debug|x86.Build.0 = Debug|x86
		{E5A38E57-3AAD-49A2-8005-79F816473A96}.Debug|x86.Deploy.0 = Debug|x86
		{E5A38E57-3AAD-49A2-8005-79F816473A96}.Release|Any CPU.ActiveCfg = Release|Any CPU
		{E5A38E57-3AAD-49A2-8005-79F816473A96}.Release|Any CPU.Build.0 = Release|Any CPU
		{E5A38E57-3AAD-49A2-8005-79F816473A96}.Release|Any CPU.Deploy.0 = Release|Any CPU
		{E5A38E57-3AAD-49A2-8005-79F816473A96}.Release|ARM.ActiveCfg = Release|ARM
		{E5A38E57-3AAD-49A2-8005-79F816473A96}.Release|ARM.Build.0 = Release|ARM
		{E5A38E57-3AAD-49A2-8005-79F816473A96}.Release|ARM.Deploy.0 = Release|ARM
		{E5A38E57-3AAD-49A2-8005-79F816473A96}.Release|x86.ActiveCfg = Release|x86
		{E5A38E57-3AAD-49A2-8005-79F816473A96}.Release|x86.Build.0 = Release|x86
		{E5A38E57-3AAD-49A2-8005-79F816473A96}.Release|x86.Deploy.0 = Release|x86
	EndGlobalSection
	GlobalSection(SolutionProperties) = preSolution
		HideSolutionNode = FALSE
	EndGlobalSection
EndGlobal
