
Microsoft Visual Studio Solution File, Format Version 12.00
# Visual Studio 15
VisualStudioVersion = 15.0.26228.9
MinimumVisualStudioVersion = 10.0.40219.1
Project("{FAE04EC0-301F-11D3-BF4B-00C04F79EFBC}") = "FeatureToggle.NetStandard", "FeatureToggle.NetStandard\FeatureToggle.NetStandard.csproj", "{CF907E9A-84E6-4816-A2A6-CDC1350C05EC}"
EndProject
Project("{FAE04EC0-301F-11D3-BF4B-00C04F79EFBC}") = "FeatureToggle.NetFull", "FeatureToggle.NetFull\FeatureToggle.NetFull.csproj", "{75A09049-3355-4577-A62E-12F376F83987}"
EndProject
Project("{FAE04EC0-301F-11D3-BF4B-00C04F79EFBC}") = "FeatureToggle.NetCore", "FeatureToggle.NetCore\FeatureToggle.NetCore.csproj", "{B08179C8-9BC1-43F8-9121-431889FFDBE3}"
EndProject
Project("{2150E333-8FDC-42A3-9474-1A3956D46DE8}") = "Tests", "Tests", "{3DB3556F-3F47-42B4-A60C-70A990EE5D3E}"
EndProject
Project("{FAE04EC0-301F-11D3-BF4B-00C04F79EFBC}") = "FeatureToggle.NetCore.Tests", "Tests\FeatureToggle.NetCore.Tests\FeatureToggle.NetCore.Tests.csproj", "{D53D7427-7230-4AF2-92C1-13084A7DA48E}"
EndProject
Project("{FAE04EC0-301F-11D3-BF4B-00C04F79EFBC}") = "FeatureToggle.NetFull.Tests", "Tests\FeatureToggle.NetFull.Tests\FeatureToggle.NetFull.Tests.csproj", "{93852865-148E-4A38-A34C-878B1650C4DE}"
EndProject
Project("{FAE04EC0-301F-11D3-BF4B-00C04F79EFBC}") = "FeatureToggle.UAP.Tests", "Tests\FeatureToggle.UAP.Tests\FeatureToggle.UAP.Tests.csproj", "{E378C19A-178D-4C59-AF1E-D03977C1F7AB}"
EndProject
Project("{FAE04EC0-301F-11D3-BF4B-00C04F79EFBC}") = "FeatureToggle.UAP", "FeatureToggle.UAP\FeatureToggle.UAP.csproj", "{F3D70BE0-3D01-4C12-A049-C329DF5423FA}"
EndProject
Global
	GlobalSection(SolutionConfigurationPlatforms) = preSolution
		Debug|Any CPU = Debug|Any CPU
		Debug|ARM = Debug|ARM
		Debug|x64 = Debug|x64
		Debug|x86 = Debug|x86
		Release|Any CPU = Release|Any CPU
		Release|ARM = Release|ARM
		Release|x64 = Release|x64
		Release|x86 = Release|x86
	EndGlobalSection
	GlobalSection(ProjectConfigurationPlatforms) = postSolution
		{CF907E9A-84E6-4816-A2A6-CDC1350C05EC}.Debug|Any CPU.ActiveCfg = Debug|Any CPU
		{CF907E9A-84E6-4816-A2A6-CDC1350C05EC}.Debug|Any CPU.Build.0 = Debug|Any CPU
		{CF907E9A-84E6-4816-A2A6-CDC1350C05EC}.Debug|ARM.ActiveCfg = Debug|Any CPU
		{CF907E9A-84E6-4816-A2A6-CDC1350C05EC}.Debug|ARM.Build.0 = Debug|Any CPU
		{CF907E9A-84E6-4816-A2A6-CDC1350C05EC}.Debug|x64.ActiveCfg = Debug|Any CPU
		{CF907E9A-84E6-4816-A2A6-CDC1350C05EC}.Debug|x64.Build.0 = Debug|Any CPU
		{CF907E9A-84E6-4816-A2A6-CDC1350C05EC}.Debug|x86.ActiveCfg = Debug|Any CPU
		{CF907E9A-84E6-4816-A2A6-CDC1350C05EC}.Debug|x86.Build.0 = Debug|Any CPU
		{CF907E9A-84E6-4816-A2A6-CDC1350C05EC}.Release|Any CPU.ActiveCfg = Release|Any CPU
		{CF907E9A-84E6-4816-A2A6-CDC1350C05EC}.Release|Any CPU.Build.0 = Release|Any CPU
		{CF907E9A-84E6-4816-A2A6-CDC1350C05EC}.Release|ARM.ActiveCfg = Release|Any CPU
		{CF907E9A-84E6-4816-A2A6-CDC1350C05EC}.Release|ARM.Build.0 = Release|Any CPU
		{CF907E9A-84E6-4816-A2A6-CDC1350C05EC}.Release|x64.ActiveCfg = Release|Any CPU
		{CF907E9A-84E6-4816-A2A6-CDC1350C05EC}.Release|x64.Build.0 = Release|Any CPU
		{CF907E9A-84E6-4816-A2A6-CDC1350C05EC}.Release|x86.ActiveCfg = Release|Any CPU
		{CF907E9A-84E6-4816-A2A6-CDC1350C05EC}.Release|x86.Build.0 = Release|Any CPU
		{75A09049-3355-4577-A62E-12F376F83987}.Debug|Any CPU.ActiveCfg = Debug|Any CPU
		{75A09049-3355-4577-A62E-12F376F83987}.Debug|Any CPU.Build.0 = Debug|Any CPU
		{75A09049-3355-4577-A62E-12F376F83987}.Debug|ARM.ActiveCfg = Debug|Any CPU
		{75A09049-3355-4577-A62E-12F376F83987}.Debug|ARM.Build.0 = Debug|Any CPU
		{75A09049-3355-4577-A62E-12F376F83987}.Debug|x64.ActiveCfg = Debug|Any CPU
		{75A09049-3355-4577-A62E-12F376F83987}.Debug|x64.Build.0 = Debug|Any CPU
		{75A09049-3355-4577-A62E-12F376F83987}.Debug|x86.ActiveCfg = Debug|Any CPU
		{75A09049-3355-4577-A62E-12F376F83987}.Debug|x86.Build.0 = Debug|Any CPU
		{75A09049-3355-4577-A62E-12F376F83987}.Release|Any CPU.ActiveCfg = Release|Any CPU
		{75A09049-3355-4577-A62E-12F376F83987}.Release|Any CPU.Build.0 = Release|Any CPU
		{75A09049-3355-4577-A62E-12F376F83987}.Release|ARM.ActiveCfg = Release|Any CPU
		{75A09049-3355-4577-A62E-12F376F83987}.Release|ARM.Build.0 = Release|Any CPU
		{75A09049-3355-4577-A62E-12F376F83987}.Release|x64.ActiveCfg = Release|Any CPU
		{75A09049-3355-4577-A62E-12F376F83987}.Release|x64.Build.0 = Release|Any CPU
		{75A09049-3355-4577-A62E-12F376F83987}.Release|x86.ActiveCfg = Release|Any CPU
		{75A09049-3355-4577-A62E-12F376F83987}.Release|x86.Build.0 = Release|Any CPU
		{B08179C8-9BC1-43F8-9121-431889FFDBE3}.Debug|Any CPU.ActiveCfg = Debug|Any CPU
		{B08179C8-9BC1-43F8-9121-431889FFDBE3}.Debug|Any CPU.Build.0 = Debug|Any CPU
		{B08179C8-9BC1-43F8-9121-431889FFDBE3}.Debug|ARM.ActiveCfg = Debug|Any CPU
		{B08179C8-9BC1-43F8-9121-431889FFDBE3}.Debug|ARM.Build.0 = Debug|Any CPU
		{B08179C8-9BC1-43F8-9121-431889FFDBE3}.Debug|x64.ActiveCfg = Debug|Any CPU
		{B08179C8-9BC1-43F8-9121-431889FFDBE3}.Debug|x64.Build.0 = Debug|Any CPU
		{B08179C8-9BC1-43F8-9121-431889FFDBE3}.Debug|x86.ActiveCfg = Debug|Any CPU
		{B08179C8-9BC1-43F8-9121-431889FFDBE3}.Debug|x86.Build.0 = Debug|Any CPU
		{B08179C8-9BC1-43F8-9121-431889FFDBE3}.Release|Any CPU.ActiveCfg = Release|Any CPU
		{B08179C8-9BC1-43F8-9121-431889FFDBE3}.Release|Any CPU.Build.0 = Release|Any CPU
		{B08179C8-9BC1-43F8-9121-431889FFDBE3}.Release|ARM.ActiveCfg = Release|Any CPU
		{B08179C8-9BC1-43F8-9121-431889FFDBE3}.Release|ARM.Build.0 = Release|Any CPU
		{B08179C8-9BC1-43F8-9121-431889FFDBE3}.Release|x64.ActiveCfg = Release|Any CPU
		{B08179C8-9BC1-43F8-9121-431889FFDBE3}.Release|x64.Build.0 = Release|Any CPU
		{B08179C8-9BC1-43F8-9121-431889FFDBE3}.Release|x86.ActiveCfg = Release|Any CPU
		{B08179C8-9BC1-43F8-9121-431889FFDBE3}.Release|x86.Build.0 = Release|Any CPU
		{D53D7427-7230-4AF2-92C1-13084A7DA48E}.Debug|Any CPU.ActiveCfg = Debug|Any CPU
		{D53D7427-7230-4AF2-92C1-13084A7DA48E}.Debug|Any CPU.Build.0 = Debug|Any CPU
		{D53D7427-7230-4AF2-92C1-13084A7DA48E}.Debug|ARM.ActiveCfg = Debug|Any CPU
		{D53D7427-7230-4AF2-92C1-13084A7DA48E}.Debug|ARM.Build.0 = Debug|Any CPU
		{D53D7427-7230-4AF2-92C1-13084A7DA48E}.Debug|x64.ActiveCfg = Debug|Any CPU
		{D53D7427-7230-4AF2-92C1-13084A7DA48E}.Debug|x64.Build.0 = Debug|Any CPU
		{D53D7427-7230-4AF2-92C1-13084A7DA48E}.Debug|x86.ActiveCfg = Debug|Any CPU
		{D53D7427-7230-4AF2-92C1-13084A7DA48E}.Debug|x86.Build.0 = Debug|Any CPU
		{D53D7427-7230-4AF2-92C1-13084A7DA48E}.Release|Any CPU.ActiveCfg = Release|Any CPU
		{D53D7427-7230-4AF2-92C1-13084A7DA48E}.Release|Any CPU.Build.0 = Release|Any CPU
		{D53D7427-7230-4AF2-92C1-13084A7DA48E}.Release|ARM.ActiveCfg = Release|Any CPU
		{D53D7427-7230-4AF2-92C1-13084A7DA48E}.Release|ARM.Build.0 = Release|Any CPU
		{D53D7427-7230-4AF2-92C1-13084A7DA48E}.Release|x64.ActiveCfg = Release|Any CPU
		{D53D7427-7230-4AF2-92C1-13084A7DA48E}.Release|x64.Build.0 = Release|Any CPU
		{D53D7427-7230-4AF2-92C1-13084A7DA48E}.Release|x86.ActiveCfg = Release|Any CPU
		{D53D7427-7230-4AF2-92C1-13084A7DA48E}.Release|x86.Build.0 = Release|Any CPU
		{93852865-148E-4A38-A34C-878B1650C4DE}.Debug|Any CPU.ActiveCfg = Debug|Any CPU
		{93852865-148E-4A38-A34C-878B1650C4DE}.Debug|Any CPU.Build.0 = Debug|Any CPU
		{93852865-148E-4A38-A34C-878B1650C4DE}.Debug|ARM.ActiveCfg = Debug|Any CPU
		{93852865-148E-4A38-A34C-878B1650C4DE}.Debug|ARM.Build.0 = Debug|Any CPU
		{93852865-148E-4A38-A34C-878B1650C4DE}.Debug|x64.ActiveCfg = Debug|Any CPU
		{93852865-148E-4A38-A34C-878B1650C4DE}.Debug|x64.Build.0 = Debug|Any CPU
		{93852865-148E-4A38-A34C-878B1650C4DE}.Debug|x86.ActiveCfg = Debug|Any CPU
		{93852865-148E-4A38-A34C-878B1650C4DE}.Debug|x86.Build.0 = Debug|Any CPU
		{93852865-148E-4A38-A34C-878B1650C4DE}.Release|Any CPU.ActiveCfg = Release|Any CPU
		{93852865-148E-4A38-A34C-878B1650C4DE}.Release|Any CPU.Build.0 = Release|Any CPU
		{93852865-148E-4A38-A34C-878B1650C4DE}.Release|ARM.ActiveCfg = Release|Any CPU
		{93852865-148E-4A38-A34C-878B1650C4DE}.Release|ARM.Build.0 = Release|Any CPU
		{93852865-148E-4A38-A34C-878B1650C4DE}.Release|x64.ActiveCfg = Release|Any CPU
		{93852865-148E-4A38-A34C-878B1650C4DE}.Release|x64.Build.0 = Release|Any CPU
		{93852865-148E-4A38-A34C-878B1650C4DE}.Release|x86.ActiveCfg = Release|Any CPU
		{93852865-148E-4A38-A34C-878B1650C4DE}.Release|x86.Build.0 = Release|Any CPU
		{E378C19A-178D-4C59-AF1E-D03977C1F7AB}.Debug|Any CPU.ActiveCfg = Debug|x86
		{E378C19A-178D-4C59-AF1E-D03977C1F7AB}.Debug|ARM.ActiveCfg = Debug|ARM
		{E378C19A-178D-4C59-AF1E-D03977C1F7AB}.Debug|ARM.Build.0 = Debug|ARM
		{E378C19A-178D-4C59-AF1E-D03977C1F7AB}.Debug|ARM.Deploy.0 = Debug|ARM
		{E378C19A-178D-4C59-AF1E-D03977C1F7AB}.Debug|x64.ActiveCfg = Debug|x64
		{E378C19A-178D-4C59-AF1E-D03977C1F7AB}.Debug|x64.Build.0 = Debug|x64
		{E378C19A-178D-4C59-AF1E-D03977C1F7AB}.Debug|x64.Deploy.0 = Debug|x64
		{E378C19A-178D-4C59-AF1E-D03977C1F7AB}.Debug|x86.ActiveCfg = Debug|x86
		{E378C19A-178D-4C59-AF1E-D03977C1F7AB}.Debug|x86.Build.0 = Debug|x86
		{E378C19A-178D-4C59-AF1E-D03977C1F7AB}.Debug|x86.Deploy.0 = Debug|x86
		{E378C19A-178D-4C59-AF1E-D03977C1F7AB}.Release|Any CPU.ActiveCfg = Release|x86
		{E378C19A-178D-4C59-AF1E-D03977C1F7AB}.Release|ARM.ActiveCfg = Release|ARM
		{E378C19A-178D-4C59-AF1E-D03977C1F7AB}.Release|ARM.Build.0 = Release|ARM
		{E378C19A-178D-4C59-AF1E-D03977C1F7AB}.Release|ARM.Deploy.0 = Release|ARM
		{E378C19A-178D-4C59-AF1E-D03977C1F7AB}.Release|x64.ActiveCfg = Release|x64
		{E378C19A-178D-4C59-AF1E-D03977C1F7AB}.Release|x64.Build.0 = Release|x64
		{E378C19A-178D-4C59-AF1E-D03977C1F7AB}.Release|x64.Deploy.0 = Release|x64
		{E378C19A-178D-4C59-AF1E-D03977C1F7AB}.Release|x86.ActiveCfg = Release|x86
		{E378C19A-178D-4C59-AF1E-D03977C1F7AB}.Release|x86.Build.0 = Release|x86
		{E378C19A-178D-4C59-AF1E-D03977C1F7AB}.Release|x86.Deploy.0 = Release|x86
		{F3D70BE0-3D01-4C12-A049-C329DF5423FA}.Debug|Any CPU.ActiveCfg = Debug|Any CPU
		{F3D70BE0-3D01-4C12-A049-C329DF5423FA}.Debug|Any CPU.Build.0 = Debug|Any CPU
		{F3D70BE0-3D01-4C12-A049-C329DF5423FA}.Debug|ARM.ActiveCfg = Debug|ARM
		{F3D70BE0-3D01-4C12-A049-C329DF5423FA}.Debug|ARM.Build.0 = Debug|ARM
		{F3D70BE0-3D01-4C12-A049-C329DF5423FA}.Debug|x64.ActiveCfg = Debug|x64
		{F3D70BE0-3D01-4C12-A049-C329DF5423FA}.Debug|x64.Build.0 = Debug|x64
		{F3D70BE0-3D01-4C12-A049-C329DF5423FA}.Debug|x86.ActiveCfg = Debug|x86
		{F3D70BE0-3D01-4C12-A049-C329DF5423FA}.Debug|x86.Build.0 = Debug|x86
		{F3D70BE0-3D01-4C12-A049-C329DF5423FA}.Release|Any CPU.ActiveCfg = Release|Any CPU
		{F3D70BE0-3D01-4C12-A049-C329DF5423FA}.Release|Any CPU.Build.0 = Release|Any CPU
		{F3D70BE0-3D01-4C12-A049-C329DF5423FA}.Release|ARM.ActiveCfg = Release|ARM
		{F3D70BE0-3D01-4C12-A049-C329DF5423FA}.Release|ARM.Build.0 = Release|ARM
		{F3D70BE0-3D01-4C12-A049-C329DF5423FA}.Release|x64.ActiveCfg = Release|x64
		{F3D70BE0-3D01-4C12-A049-C329DF5423FA}.Release|x64.Build.0 = Release|x64
		{F3D70BE0-3D01-4C12-A049-C329DF5423FA}.Release|x86.ActiveCfg = Release|x86
		{F3D70BE0-3D01-4C12-A049-C329DF5423FA}.Release|x86.Build.0 = Release|x86
	EndGlobalSection
	GlobalSection(SolutionProperties) = preSolution
		HideSolutionNode = FALSE
	EndGlobalSection
	GlobalSection(NestedProjects) = preSolution
		{D53D7427-7230-4AF2-92C1-13084A7DA48E} = {3DB3556F-3F47-42B4-A60C-70A990EE5D3E}
		{93852865-148E-4A38-A34C-878B1650C4DE} = {3DB3556F-3F47-42B4-A60C-70A990EE5D3E}
		{E378C19A-178D-4C59-AF1E-D03977C1F7AB} = {3DB3556F-3F47-42B4-A60C-70A990EE5D3E}
	EndGlobalSection
EndGlobal
