
Microsoft Visual Studio Solution File, Format Version 12.00
# Visual Studio 15
VisualStudioVersion = 15.0.26228.9
MinimumVisualStudioVersion = 10.0.40219.1
Project("{FAE04EC0-301F-11D3-BF4B-00C04F79EFBC}") = "FeatureToggle.NetStandard", "FeatureToggle.NetStandard\FeatureToggle.NetStandard.csproj", "{CF907E9A-84E6-4816-A2A6-CDC1350C05EC}"
EndProject
Project("{FAE04EC0-301F-11D3-BF4B-00C04F79EFBC}") = "FeatureToggle.NetFull", "FeatureToggle.NetFull\FeatureToggle.NetFull.csproj", "{75A09049-3355-4577-A62E-12F376F83987}"
EndProject
Project("{FAE04EC0-301F-11D3-BF4B-00C04F79EFBC}") = "FeatureToggle.NetCore", "FeatureToggle.NetCore\FeatureToggle.NetCore.csproj", "{B08179C8-9BC1-43F8-9121-431889FFDBE3}"
EndProject
Global
	GlobalSection(SolutionConfigurationPlatforms) = preSolution
		Debug|Any CPU = Debug|Any CPU
		Release|Any CPU = Release|Any CPU
	EndGlobalSection
	GlobalSection(ProjectConfigurationPlatforms) = postSolution
		{CF907E9A-84E6-4816-A2A6-CDC1350C05EC}.Debug|Any CPU.ActiveCfg = Debug|Any CPU
		{CF907E9A-84E6-4816-A2A6-CDC1350C05EC}.Debug|Any CPU.Build.0 = Debug|Any CPU
		{CF907E9A-84E6-4816-A2A6-CDC1350C05EC}.Release|Any CPU.ActiveCfg = Release|Any CPU
		{CF907E9A-84E6-4816-A2A6-CDC1350C05EC}.Release|Any CPU.Build.0 = Release|Any CPU
		{75A09049-3355-4577-A62E-12F376F83987}.Debug|Any CPU.ActiveCfg = Debug|Any CPU
		{75A09049-3355-4577-A62E-12F376F83987}.Debug|Any CPU.Build.0 = Debug|Any CPU
		{75A09049-3355-4577-A62E-12F376F83987}.Release|Any CPU.ActiveCfg = Release|Any CPU
		{75A09049-3355-4577-A62E-12F376F83987}.Release|Any CPU.Build.0 = Release|Any CPU
		{B08179C8-9BC1-43F8-9121-431889FFDBE3}.Debug|Any CPU.ActiveCfg = Debug|Any CPU
		{B08179C8-9BC1-43F8-9121-431889FFDBE3}.Debug|Any CPU.Build.0 = Debug|Any CPU
		{B08179C8-9BC1-43F8-9121-431889FFDBE3}.Release|Any CPU.ActiveCfg = Release|Any CPU
		{B08179C8-9BC1-43F8-9121-431889FFDBE3}.Release|Any CPU.Build.0 = Release|Any CPU
	EndGlobalSection
	GlobalSection(SolutionProperties) = preSolution
		HideSolutionNode = FALSE
	EndGlobalSection
EndGlobal
