
Microsoft Visual Studio Solution File, Format Version 12.00
# Visual Studio 2013
VisualStudioVersion = 12.0.30110.0
MinimumVisualStudioVersion = 10.0.40219.1
Project("{2150E333-8FDC-42A3-9474-1A3956D46DE8}") = "Solution Items", "Solution Items", "{B539178D-F175-4C7A-84BA-64559A289B06}"
EndProject
Project("{2150E333-8FDC-42A3-9474-1A3956D46DE8}") = "Examples", "Examples", "{C0FE398E-F0F0-4346-A0E9-C2EFA1C4EBC9}"
EndProject
Project("{2150E333-8FDC-42A3-9474-1A3956D46DE8}") = "Tests", "Tests", "{91AF4095-22DF-45BF-8F01-56C74B4EBD66}"
EndProject
Project("{2150E333-8FDC-42A3-9474-1A3956D46DE8}") = "Code", "Code", "{CCA826B0-BBAB-4A04-AB87-B1C3028849BF}"
EndProject
Project("{FAE04EC0-301F-11D3-BF4B-00C04F79EFBC}") = "FeatureToggle", "FeatureToggle\FeatureToggle.csproj", "{C09F1554-F0DB-4A3E-9BD1-CCBC2AA1D6E1}"
EndProject
Project("{2150E333-8FDC-42A3-9474-1A3956D46DE8}") = ".nuget", ".nuget", "{F2F32A1C-658D-479C-8F00-8227609ECFF5}"
	ProjectSection(SolutionItems) = preProject
		.nuget\NuGet.Config = .nuget\NuGet.Config
		.nuget\NuGet.exe = .nuget\NuGet.exe
		.nuget\NuGet.targets = .nuget\NuGet.targets
	EndProjectSection
EndProject
Project("{FAE04EC0-301F-11D3-BF4B-00C04F79EFBC}") = "FeatureToggle.Core", "FeatureToggle.Core\FeatureToggle.Core.csproj", "{474AAFB7-5560-412A-8C98-D5558D24A59E}"
EndProject
Project("{FAE04EC0-301F-11D3-BF4B-00C04F79EFBC}") = "ExampleConsoleApplication", "Examples\ExampleConsoleApplication\ExampleConsoleApplication.csproj", "{72619394-8AEE-42F0-9621-623A1090EE34}"
EndProject
Project("{FAE04EC0-301F-11D3-BF4B-00C04F79EFBC}") = "ExampleWebFormsApplication", "Examples\ExampleWebFormsApplication\ExampleWebFormsApplication.csproj", "{DBA229C9-D74B-4E91-B810-DEEA48993510}"
EndProject
Project("{FAE04EC0-301F-11D3-BF4B-00C04F79EFBC}") = "ExampleWpfApplication", "Examples\ExampleWpfApplication\ExampleWpfApplication.csproj", "{B430133E-161B-41E3-A2DE-87B388FFBE0A}"
EndProject
Project("{FAE04EC0-301F-11D3-BF4B-00C04F79EFBC}") = "FeatureToggle.Tests", "Tests\FeatureToggle.Tests\FeatureToggle.Tests.csproj", "{9A78B997-21F0-4741-925D-D942B3DC12CA}"
EndProject
Project("{FAE04EC0-301F-11D3-BF4B-00C04F79EFBC}") = "FeatureToggle.Integration.Tests", "Tests\FeatureToggle.Integration.Tests\FeatureToggle.Integration.Tests.csproj", "{30633F03-7417-4EEE-8DA2-2B7DD3E07CCD}"
EndProject
Project("{FAE04EC0-301F-11D3-BF4B-00C04F79EFBC}") = "ExamplePhone8App", "Examples\ExamplePhone8App\ExamplePhone8App.csproj", "{9A9DECC8-657D-4E0A-A556-AE4E279DEF5F}"
EndProject
Project("{FAE04EC0-301F-11D3-BF4B-00C04F79EFBC}") = "FeatureToggle.WindowsPhone", "FeatureToggle.WindowsPhone\FeatureToggle.WindowsPhone.csproj", "{D5CDC85A-0D42-4833-B5E5-B4E9C62A52A5}"
EndProject
Project("{FAE04EC0-301F-11D3-BF4B-00C04F79EFBC}") = "ExampleWindows8StoreApp", "Examples\ExampleWindows8StoreApp\ExampleWindows8StoreApp.csproj", "{08923C33-886B-4016-B1A6-BFAC2BB95BD2}"
EndProject
Project("{FAE04EC0-301F-11D3-BF4B-00C04F79EFBC}") = "FeatureToggle.WindowsStore", "FeatureToggle.WindowsStore\FeatureToggle.WindowsStore.csproj", "{F766F5CF-9AAF-48EF-9515-A0D808DEB9E5}"
EndProject
Project("{FAE04EC0-301F-11D3-BF4B-00C04F79EFBC}") = "FeatureToggle.WindowsStore.Tests", "Tests\FeatureToggle.WindowsStore.Tests\FeatureToggle.WindowsStore.Tests.csproj", "{EBCF67FA-CCA0-4119-B108-90D8CF5A760A}"
EndProject
Project("{FAE04EC0-301F-11D3-BF4B-00C04F79EFBC}") = "FeatureToggle.WindowsPhone.Tests", "Tests\FeatureToggle.WindowsPhone.Tests\FeatureToggle.WindowsPhone.Tests.csproj", "{13E1AD27-50B1-4A48-9B2D-2DE51F534AF1}"
EndProject
Project("{FAE04EC0-301F-11D3-BF4B-00C04F79EFBC}") = "FeatureToggle.WpfExtensions", "FeatureToggle.WpfExtensions\FeatureToggle.WpfExtensions.csproj", "{E43D7542-3FFC-49BF-BECA-9FD203A379C4}"
EndProject
Project("{FAE04EC0-301F-11D3-BF4B-00C04F79EFBC}") = "FeatureToggle.WpfExtensions.Tests", "Tests\FeatureToggle.WpfExtensions.Tests\FeatureToggle.WpfExtensions.Tests.csproj", "{D725767B-0BBB-42E7-A76C-77DDB91EF3CC}"
EndProject
Global
	GlobalSection(SolutionConfigurationPlatforms) = preSolution
		Debug|Any CPU = Debug|Any CPU
		Debug|ARM = Debug|ARM
		Debug|Mixed Platforms = Debug|Mixed Platforms
		Debug|x64 = Debug|x64
		Debug|x86 = Debug|x86
		Release|Any CPU = Release|Any CPU
		Release|ARM = Release|ARM
		Release|Mixed Platforms = Release|Mixed Platforms
		Release|x64 = Release|x64
		Release|x86 = Release|x86
	EndGlobalSection
	GlobalSection(ProjectConfigurationPlatforms) = postSolution
		{C09F1554-F0DB-4A3E-9BD1-CCBC2AA1D6E1}.Debug|Any CPU.ActiveCfg = Debug|Any CPU
		{C09F1554-F0DB-4A3E-9BD1-CCBC2AA1D6E1}.Debug|Any CPU.Build.0 = Debug|Any CPU
		{C09F1554-F0DB-4A3E-9BD1-CCBC2AA1D6E1}.Debug|ARM.ActiveCfg = Debug|Any CPU
		{C09F1554-F0DB-4A3E-9BD1-CCBC2AA1D6E1}.Debug|Mixed Platforms.ActiveCfg = Debug|Any CPU
		{C09F1554-F0DB-4A3E-9BD1-CCBC2AA1D6E1}.Debug|Mixed Platforms.Build.0 = Debug|Any CPU
		{C09F1554-F0DB-4A3E-9BD1-CCBC2AA1D6E1}.Debug|x64.ActiveCfg = Debug|Any CPU
		{C09F1554-F0DB-4A3E-9BD1-CCBC2AA1D6E1}.Debug|x86.ActiveCfg = Debug|Any CPU
		{C09F1554-F0DB-4A3E-9BD1-CCBC2AA1D6E1}.Release|Any CPU.ActiveCfg = Release|Any CPU
		{C09F1554-F0DB-4A3E-9BD1-CCBC2AA1D6E1}.Release|Any CPU.Build.0 = Release|Any CPU
		{C09F1554-F0DB-4A3E-9BD1-CCBC2AA1D6E1}.Release|ARM.ActiveCfg = Release|Any CPU
		{C09F1554-F0DB-4A3E-9BD1-CCBC2AA1D6E1}.Release|Mixed Platforms.ActiveCfg = Release|Any CPU
		{C09F1554-F0DB-4A3E-9BD1-CCBC2AA1D6E1}.Release|Mixed Platforms.Build.0 = Release|Any CPU
		{C09F1554-F0DB-4A3E-9BD1-CCBC2AA1D6E1}.Release|x64.ActiveCfg = Release|Any CPU
		{C09F1554-F0DB-4A3E-9BD1-CCBC2AA1D6E1}.Release|x86.ActiveCfg = Release|Any CPU
		{474AAFB7-5560-412A-8C98-D5558D24A59E}.Debug|Any CPU.ActiveCfg = Debug|Any CPU
		{474AAFB7-5560-412A-8C98-D5558D24A59E}.Debug|Any CPU.Build.0 = Debug|Any CPU
		{474AAFB7-5560-412A-8C98-D5558D24A59E}.Debug|ARM.ActiveCfg = Debug|Any CPU
		{474AAFB7-5560-412A-8C98-D5558D24A59E}.Debug|Mixed Platforms.ActiveCfg = Debug|Any CPU
		{474AAFB7-5560-412A-8C98-D5558D24A59E}.Debug|Mixed Platforms.Build.0 = Debug|Any CPU
		{474AAFB7-5560-412A-8C98-D5558D24A59E}.Debug|x64.ActiveCfg = Debug|Any CPU
		{474AAFB7-5560-412A-8C98-D5558D24A59E}.Debug|x86.ActiveCfg = Debug|Any CPU
		{474AAFB7-5560-412A-8C98-D5558D24A59E}.Release|Any CPU.ActiveCfg = Release|Any CPU
		{474AAFB7-5560-412A-8C98-D5558D24A59E}.Release|Any CPU.Build.0 = Release|Any CPU
		{474AAFB7-5560-412A-8C98-D5558D24A59E}.Release|ARM.ActiveCfg = Release|Any CPU
		{474AAFB7-5560-412A-8C98-D5558D24A59E}.Release|Mixed Platforms.ActiveCfg = Release|Any CPU
		{474AAFB7-5560-412A-8C98-D5558D24A59E}.Release|Mixed Platforms.Build.0 = Release|Any CPU
		{474AAFB7-5560-412A-8C98-D5558D24A59E}.Release|x64.ActiveCfg = Release|Any CPU
		{474AAFB7-5560-412A-8C98-D5558D24A59E}.Release|x86.ActiveCfg = Release|Any CPU
		{72619394-8AEE-42F0-9621-623A1090EE34}.Debug|Any CPU.ActiveCfg = Debug|Any CPU
		{72619394-8AEE-42F0-9621-623A1090EE34}.Debug|Any CPU.Build.0 = Debug|Any CPU
		{72619394-8AEE-42F0-9621-623A1090EE34}.Debug|ARM.ActiveCfg = Debug|Any CPU
		{72619394-8AEE-42F0-9621-623A1090EE34}.Debug|Mixed Platforms.ActiveCfg = Debug|Any CPU
		{72619394-8AEE-42F0-9621-623A1090EE34}.Debug|Mixed Platforms.Build.0 = Debug|Any CPU
		{72619394-8AEE-42F0-9621-623A1090EE34}.Debug|x64.ActiveCfg = Debug|Any CPU
		{72619394-8AEE-42F0-9621-623A1090EE34}.Debug|x86.ActiveCfg = Debug|Any CPU
		{72619394-8AEE-42F0-9621-623A1090EE34}.Release|Any CPU.ActiveCfg = Release|Any CPU
		{72619394-8AEE-42F0-9621-623A1090EE34}.Release|Any CPU.Build.0 = Release|Any CPU
		{72619394-8AEE-42F0-9621-623A1090EE34}.Release|ARM.ActiveCfg = Release|Any CPU
		{72619394-8AEE-42F0-9621-623A1090EE34}.Release|Mixed Platforms.ActiveCfg = Release|Any CPU
		{72619394-8AEE-42F0-9621-623A1090EE34}.Release|Mixed Platforms.Build.0 = Release|Any CPU
		{72619394-8AEE-42F0-9621-623A1090EE34}.Release|x64.ActiveCfg = Release|Any CPU
		{72619394-8AEE-42F0-9621-623A1090EE34}.Release|x86.ActiveCfg = Release|Any CPU
		{DBA229C9-D74B-4E91-B810-DEEA48993510}.Debug|Any CPU.ActiveCfg = Debug|Any CPU
		{DBA229C9-D74B-4E91-B810-DEEA48993510}.Debug|Any CPU.Build.0 = Debug|Any CPU
		{DBA229C9-D74B-4E91-B810-DEEA48993510}.Debug|ARM.ActiveCfg = Debug|Any CPU
		{DBA229C9-D74B-4E91-B810-DEEA48993510}.Debug|Mixed Platforms.ActiveCfg = Debug|Any CPU
		{DBA229C9-D74B-4E91-B810-DEEA48993510}.Debug|Mixed Platforms.Build.0 = Debug|Any CPU
		{DBA229C9-D74B-4E91-B810-DEEA48993510}.Debug|x64.ActiveCfg = Debug|Any CPU
		{DBA229C9-D74B-4E91-B810-DEEA48993510}.Debug|x86.ActiveCfg = Debug|Any CPU
		{DBA229C9-D74B-4E91-B810-DEEA48993510}.Release|Any CPU.ActiveCfg = Release|Any CPU
		{DBA229C9-D74B-4E91-B810-DEEA48993510}.Release|Any CPU.Build.0 = Release|Any CPU
		{DBA229C9-D74B-4E91-B810-DEEA48993510}.Release|ARM.ActiveCfg = Release|Any CPU
		{DBA229C9-D74B-4E91-B810-DEEA48993510}.Release|Mixed Platforms.ActiveCfg = Release|Any CPU
		{DBA229C9-D74B-4E91-B810-DEEA48993510}.Release|Mixed Platforms.Build.0 = Release|Any CPU
		{DBA229C9-D74B-4E91-B810-DEEA48993510}.Release|x64.ActiveCfg = Release|Any CPU
		{DBA229C9-D74B-4E91-B810-DEEA48993510}.Release|x86.ActiveCfg = Release|Any CPU
		{B430133E-161B-41E3-A2DE-87B388FFBE0A}.Debug|Any CPU.ActiveCfg = Debug|x86
		{B430133E-161B-41E3-A2DE-87B388FFBE0A}.Debug|Any CPU.Build.0 = Debug|x86
		{B430133E-161B-41E3-A2DE-87B388FFBE0A}.Debug|ARM.ActiveCfg = Debug|x86
		{B430133E-161B-41E3-A2DE-87B388FFBE0A}.Debug|Mixed Platforms.ActiveCfg = Debug|x86
		{B430133E-161B-41E3-A2DE-87B388FFBE0A}.Debug|Mixed Platforms.Build.0 = Debug|x86
		{B430133E-161B-41E3-A2DE-87B388FFBE0A}.Debug|x64.ActiveCfg = Debug|x86
		{B430133E-161B-41E3-A2DE-87B388FFBE0A}.Debug|x86.ActiveCfg = Debug|x86
		{B430133E-161B-41E3-A2DE-87B388FFBE0A}.Debug|x86.Build.0 = Debug|x86
		{B430133E-161B-41E3-A2DE-87B388FFBE0A}.Release|Any CPU.ActiveCfg = Release|x86
		{B430133E-161B-41E3-A2DE-87B388FFBE0A}.Release|Any CPU.Build.0 = Release|x86
		{B430133E-161B-41E3-A2DE-87B388FFBE0A}.Release|ARM.ActiveCfg = Release|x86
		{B430133E-161B-41E3-A2DE-87B388FFBE0A}.Release|Mixed Platforms.ActiveCfg = Release|x86
		{B430133E-161B-41E3-A2DE-87B388FFBE0A}.Release|Mixed Platforms.Build.0 = Release|x86
		{B430133E-161B-41E3-A2DE-87B388FFBE0A}.Release|x64.ActiveCfg = Release|x86
		{B430133E-161B-41E3-A2DE-87B388FFBE0A}.Release|x86.ActiveCfg = Release|x86
		{B430133E-161B-41E3-A2DE-87B388FFBE0A}.Release|x86.Build.0 = Release|x86
		{9A78B997-21F0-4741-925D-D942B3DC12CA}.Debug|Any CPU.ActiveCfg = Debug|Any CPU
		{9A78B997-21F0-4741-925D-D942B3DC12CA}.Debug|Any CPU.Build.0 = Debug|Any CPU
		{9A78B997-21F0-4741-925D-D942B3DC12CA}.Debug|ARM.ActiveCfg = Debug|Any CPU
		{9A78B997-21F0-4741-925D-D942B3DC12CA}.Debug|Mixed Platforms.ActiveCfg = Debug|Any CPU
		{9A78B997-21F0-4741-925D-D942B3DC12CA}.Debug|Mixed Platforms.Build.0 = Debug|Any CPU
		{9A78B997-21F0-4741-925D-D942B3DC12CA}.Debug|x64.ActiveCfg = Debug|Any CPU
		{9A78B997-21F0-4741-925D-D942B3DC12CA}.Debug|x86.ActiveCfg = Debug|Any CPU
		{9A78B997-21F0-4741-925D-D942B3DC12CA}.Release|Any CPU.ActiveCfg = Release|Any CPU
		{9A78B997-21F0-4741-925D-D942B3DC12CA}.Release|Any CPU.Build.0 = Release|Any CPU
		{9A78B997-21F0-4741-925D-D942B3DC12CA}.Release|ARM.ActiveCfg = Release|Any CPU
		{9A78B997-21F0-4741-925D-D942B3DC12CA}.Release|Mixed Platforms.ActiveCfg = Release|Any CPU
		{9A78B997-21F0-4741-925D-D942B3DC12CA}.Release|Mixed Platforms.Build.0 = Release|Any CPU
		{9A78B997-21F0-4741-925D-D942B3DC12CA}.Release|x64.ActiveCfg = Release|Any CPU
		{9A78B997-21F0-4741-925D-D942B3DC12CA}.Release|x86.ActiveCfg = Release|Any CPU
		{30633F03-7417-4EEE-8DA2-2B7DD3E07CCD}.Debug|Any CPU.ActiveCfg = Debug|Any CPU
		{30633F03-7417-4EEE-8DA2-2B7DD3E07CCD}.Debug|Any CPU.Build.0 = Debug|Any CPU
		{30633F03-7417-4EEE-8DA2-2B7DD3E07CCD}.Debug|ARM.ActiveCfg = Debug|Any CPU
		{30633F03-7417-4EEE-8DA2-2B7DD3E07CCD}.Debug|Mixed Platforms.ActiveCfg = Debug|Any CPU
		{30633F03-7417-4EEE-8DA2-2B7DD3E07CCD}.Debug|Mixed Platforms.Build.0 = Debug|Any CPU
		{30633F03-7417-4EEE-8DA2-2B7DD3E07CCD}.Debug|x64.ActiveCfg = Debug|Any CPU
		{30633F03-7417-4EEE-8DA2-2B7DD3E07CCD}.Debug|x86.ActiveCfg = Debug|Any CPU
		{30633F03-7417-4EEE-8DA2-2B7DD3E07CCD}.Release|Any CPU.ActiveCfg = Release|Any CPU
		{30633F03-7417-4EEE-8DA2-2B7DD3E07CCD}.Release|Any CPU.Build.0 = Release|Any CPU
		{30633F03-7417-4EEE-8DA2-2B7DD3E07CCD}.Release|ARM.ActiveCfg = Release|Any CPU
		{30633F03-7417-4EEE-8DA2-2B7DD3E07CCD}.Release|Mixed Platforms.ActiveCfg = Release|Any CPU
		{30633F03-7417-4EEE-8DA2-2B7DD3E07CCD}.Release|Mixed Platforms.Build.0 = Release|Any CPU
		{30633F03-7417-4EEE-8DA2-2B7DD3E07CCD}.Release|x64.ActiveCfg = Release|Any CPU
		{30633F03-7417-4EEE-8DA2-2B7DD3E07CCD}.Release|x86.ActiveCfg = Release|Any CPU
		{9A9DECC8-657D-4E0A-A556-AE4E279DEF5F}.Debug|Any CPU.ActiveCfg = Debug|Any CPU
		{9A9DECC8-657D-4E0A-A556-AE4E279DEF5F}.Debug|Any CPU.Build.0 = Debug|Any CPU
		{9A9DECC8-657D-4E0A-A556-AE4E279DEF5F}.Debug|Any CPU.Deploy.0 = Debug|Any CPU
		{9A9DECC8-657D-4E0A-A556-AE4E279DEF5F}.Debug|ARM.ActiveCfg = Debug|ARM
		{9A9DECC8-657D-4E0A-A556-AE4E279DEF5F}.Debug|ARM.Build.0 = Debug|ARM
		{9A9DECC8-657D-4E0A-A556-AE4E279DEF5F}.Debug|ARM.Deploy.0 = Debug|ARM
		{9A9DECC8-657D-4E0A-A556-AE4E279DEF5F}.Debug|Mixed Platforms.ActiveCfg = Debug|x86
		{9A9DECC8-657D-4E0A-A556-AE4E279DEF5F}.Debug|Mixed Platforms.Build.0 = Debug|x86
		{9A9DECC8-657D-4E0A-A556-AE4E279DEF5F}.Debug|Mixed Platforms.Deploy.0 = Debug|x86
		{9A9DECC8-657D-4E0A-A556-AE4E279DEF5F}.Debug|x64.ActiveCfg = Debug|Any CPU
		{9A9DECC8-657D-4E0A-A556-AE4E279DEF5F}.Debug|x86.ActiveCfg = Debug|x86
		{9A9DECC8-657D-4E0A-A556-AE4E279DEF5F}.Debug|x86.Build.0 = Debug|x86
		{9A9DECC8-657D-4E0A-A556-AE4E279DEF5F}.Debug|x86.Deploy.0 = Debug|x86
		{9A9DECC8-657D-4E0A-A556-AE4E279DEF5F}.Release|Any CPU.ActiveCfg = Release|Any CPU
		{9A9DECC8-657D-4E0A-A556-AE4E279DEF5F}.Release|Any CPU.Build.0 = Release|Any CPU
		{9A9DECC8-657D-4E0A-A556-AE4E279DEF5F}.Release|Any CPU.Deploy.0 = Release|Any CPU
		{9A9DECC8-657D-4E0A-A556-AE4E279DEF5F}.Release|ARM.ActiveCfg = Release|ARM
		{9A9DECC8-657D-4E0A-A556-AE4E279DEF5F}.Release|ARM.Build.0 = Release|ARM
		{9A9DECC8-657D-4E0A-A556-AE4E279DEF5F}.Release|ARM.Deploy.0 = Release|ARM
		{9A9DECC8-657D-4E0A-A556-AE4E279DEF5F}.Release|Mixed Platforms.ActiveCfg = Release|x86
		{9A9DECC8-657D-4E0A-A556-AE4E279DEF5F}.Release|Mixed Platforms.Build.0 = Release|x86
		{9A9DECC8-657D-4E0A-A556-AE4E279DEF5F}.Release|Mixed Platforms.Deploy.0 = Release|x86
		{9A9DECC8-657D-4E0A-A556-AE4E279DEF5F}.Release|x64.ActiveCfg = Release|Any CPU
		{9A9DECC8-657D-4E0A-A556-AE4E279DEF5F}.Release|x86.ActiveCfg = Release|x86
		{9A9DECC8-657D-4E0A-A556-AE4E279DEF5F}.Release|x86.Build.0 = Release|x86
		{9A9DECC8-657D-4E0A-A556-AE4E279DEF5F}.Release|x86.Deploy.0 = Release|x86
		{D5CDC85A-0D42-4833-B5E5-B4E9C62A52A5}.Debug|Any CPU.ActiveCfg = Debug|Any CPU
		{D5CDC85A-0D42-4833-B5E5-B4E9C62A52A5}.Debug|Any CPU.Build.0 = Debug|Any CPU
		{D5CDC85A-0D42-4833-B5E5-B4E9C62A52A5}.Debug|ARM.ActiveCfg = Debug|ARM
		{D5CDC85A-0D42-4833-B5E5-B4E9C62A52A5}.Debug|ARM.Build.0 = Debug|ARM
		{D5CDC85A-0D42-4833-B5E5-B4E9C62A52A5}.Debug|Mixed Platforms.ActiveCfg = Debug|x86
		{D5CDC85A-0D42-4833-B5E5-B4E9C62A52A5}.Debug|Mixed Platforms.Build.0 = Debug|x86
		{D5CDC85A-0D42-4833-B5E5-B4E9C62A52A5}.Debug|x64.ActiveCfg = Debug|Any CPU
		{D5CDC85A-0D42-4833-B5E5-B4E9C62A52A5}.Debug|x86.ActiveCfg = Debug|x86
		{D5CDC85A-0D42-4833-B5E5-B4E9C62A52A5}.Debug|x86.Build.0 = Debug|x86
		{D5CDC85A-0D42-4833-B5E5-B4E9C62A52A5}.Release|Any CPU.ActiveCfg = Release|Any CPU
		{D5CDC85A-0D42-4833-B5E5-B4E9C62A52A5}.Release|Any CPU.Build.0 = Release|Any CPU
		{D5CDC85A-0D42-4833-B5E5-B4E9C62A52A5}.Release|ARM.ActiveCfg = Release|ARM
		{D5CDC85A-0D42-4833-B5E5-B4E9C62A52A5}.Release|ARM.Build.0 = Release|ARM
		{D5CDC85A-0D42-4833-B5E5-B4E9C62A52A5}.Release|Mixed Platforms.ActiveCfg = Release|x86
		{D5CDC85A-0D42-4833-B5E5-B4E9C62A52A5}.Release|Mixed Platforms.Build.0 = Release|x86
		{D5CDC85A-0D42-4833-B5E5-B4E9C62A52A5}.Release|x64.ActiveCfg = Release|Any CPU
		{D5CDC85A-0D42-4833-B5E5-B4E9C62A52A5}.Release|x86.ActiveCfg = Release|x86
		{D5CDC85A-0D42-4833-B5E5-B4E9C62A52A5}.Release|x86.Build.0 = Release|x86
		{08923C33-886B-4016-B1A6-BFAC2BB95BD2}.Debug|Any CPU.ActiveCfg = Debug|Any CPU
		{08923C33-886B-4016-B1A6-BFAC2BB95BD2}.Debug|Any CPU.Build.0 = Debug|Any CPU
		{08923C33-886B-4016-B1A6-BFAC2BB95BD2}.Debug|Any CPU.Deploy.0 = Debug|Any CPU
		{08923C33-886B-4016-B1A6-BFAC2BB95BD2}.Debug|ARM.ActiveCfg = Debug|ARM
		{08923C33-886B-4016-B1A6-BFAC2BB95BD2}.Debug|ARM.Build.0 = Debug|ARM
		{08923C33-886B-4016-B1A6-BFAC2BB95BD2}.Debug|ARM.Deploy.0 = Debug|ARM
		{08923C33-886B-4016-B1A6-BFAC2BB95BD2}.Debug|Mixed Platforms.ActiveCfg = Debug|x86
		{08923C33-886B-4016-B1A6-BFAC2BB95BD2}.Debug|Mixed Platforms.Build.0 = Debug|x86
		{08923C33-886B-4016-B1A6-BFAC2BB95BD2}.Debug|Mixed Platforms.Deploy.0 = Debug|x86
		{08923C33-886B-4016-B1A6-BFAC2BB95BD2}.Debug|x64.ActiveCfg = Debug|x64
		{08923C33-886B-4016-B1A6-BFAC2BB95BD2}.Debug|x64.Build.0 = Debug|x64
		{08923C33-886B-4016-B1A6-BFAC2BB95BD2}.Debug|x64.Deploy.0 = Debug|x64
		{08923C33-886B-4016-B1A6-BFAC2BB95BD2}.Debug|x86.ActiveCfg = Debug|x86
		{08923C33-886B-4016-B1A6-BFAC2BB95BD2}.Debug|x86.Build.0 = Debug|x86
		{08923C33-886B-4016-B1A6-BFAC2BB95BD2}.Debug|x86.Deploy.0 = Debug|x86
		{08923C33-886B-4016-B1A6-BFAC2BB95BD2}.Release|Any CPU.ActiveCfg = Release|Any CPU
		{08923C33-886B-4016-B1A6-BFAC2BB95BD2}.Release|Any CPU.Build.0 = Release|Any CPU
		{08923C33-886B-4016-B1A6-BFAC2BB95BD2}.Release|Any CPU.Deploy.0 = Release|Any CPU
		{08923C33-886B-4016-B1A6-BFAC2BB95BD2}.Release|ARM.ActiveCfg = Release|ARM
		{08923C33-886B-4016-B1A6-BFAC2BB95BD2}.Release|ARM.Build.0 = Release|ARM
		{08923C33-886B-4016-B1A6-BFAC2BB95BD2}.Release|ARM.Deploy.0 = Release|ARM
		{08923C33-886B-4016-B1A6-BFAC2BB95BD2}.Release|Mixed Platforms.ActiveCfg = Release|x86
		{08923C33-886B-4016-B1A6-BFAC2BB95BD2}.Release|Mixed Platforms.Build.0 = Release|x86
		{08923C33-886B-4016-B1A6-BFAC2BB95BD2}.Release|Mixed Platforms.Deploy.0 = Release|x86
		{08923C33-886B-4016-B1A6-BFAC2BB95BD2}.Release|x64.ActiveCfg = Release|x64
		{08923C33-886B-4016-B1A6-BFAC2BB95BD2}.Release|x64.Build.0 = Release|x64
		{08923C33-886B-4016-B1A6-BFAC2BB95BD2}.Release|x64.Deploy.0 = Release|x64
		{08923C33-886B-4016-B1A6-BFAC2BB95BD2}.Release|x86.ActiveCfg = Release|x86
		{08923C33-886B-4016-B1A6-BFAC2BB95BD2}.Release|x86.Build.0 = Release|x86
		{08923C33-886B-4016-B1A6-BFAC2BB95BD2}.Release|x86.Deploy.0 = Release|x86
		{F766F5CF-9AAF-48EF-9515-A0D808DEB9E5}.Debug|Any CPU.ActiveCfg = Debug|Any CPU
		{F766F5CF-9AAF-48EF-9515-A0D808DEB9E5}.Debug|Any CPU.Build.0 = Debug|Any CPU
		{F766F5CF-9AAF-48EF-9515-A0D808DEB9E5}.Debug|ARM.ActiveCfg = Debug|ARM
		{F766F5CF-9AAF-48EF-9515-A0D808DEB9E5}.Debug|ARM.Build.0 = Debug|ARM
		{F766F5CF-9AAF-48EF-9515-A0D808DEB9E5}.Debug|Mixed Platforms.ActiveCfg = Debug|x86
		{F766F5CF-9AAF-48EF-9515-A0D808DEB9E5}.Debug|Mixed Platforms.Build.0 = Debug|x86
		{F766F5CF-9AAF-48EF-9515-A0D808DEB9E5}.Debug|x64.ActiveCfg = Debug|x64
		{F766F5CF-9AAF-48EF-9515-A0D808DEB9E5}.Debug|x64.Build.0 = Debug|x64
		{F766F5CF-9AAF-48EF-9515-A0D808DEB9E5}.Debug|x86.ActiveCfg = Debug|x86
		{F766F5CF-9AAF-48EF-9515-A0D808DEB9E5}.Debug|x86.Build.0 = Debug|x86
		{F766F5CF-9AAF-48EF-9515-A0D808DEB9E5}.Release|Any CPU.ActiveCfg = Release|Any CPU
		{F766F5CF-9AAF-48EF-9515-A0D808DEB9E5}.Release|Any CPU.Build.0 = Release|Any CPU
		{F766F5CF-9AAF-48EF-9515-A0D808DEB9E5}.Release|ARM.ActiveCfg = Release|ARM
		{F766F5CF-9AAF-48EF-9515-A0D808DEB9E5}.Release|ARM.Build.0 = Release|ARM
		{F766F5CF-9AAF-48EF-9515-A0D808DEB9E5}.Release|Mixed Platforms.ActiveCfg = Release|x86
		{F766F5CF-9AAF-48EF-9515-A0D808DEB9E5}.Release|Mixed Platforms.Build.0 = Release|x86
		{F766F5CF-9AAF-48EF-9515-A0D808DEB9E5}.Release|x64.ActiveCfg = Release|x64
		{F766F5CF-9AAF-48EF-9515-A0D808DEB9E5}.Release|x64.Build.0 = Release|x64
		{F766F5CF-9AAF-48EF-9515-A0D808DEB9E5}.Release|x86.ActiveCfg = Release|x86
		{F766F5CF-9AAF-48EF-9515-A0D808DEB9E5}.Release|x86.Build.0 = Release|x86
		{EBCF67FA-CCA0-4119-B108-90D8CF5A760A}.Debug|Any CPU.ActiveCfg = Debug|Any CPU
		{EBCF67FA-CCA0-4119-B108-90D8CF5A760A}.Debug|Any CPU.Build.0 = Debug|Any CPU
		{EBCF67FA-CCA0-4119-B108-90D8CF5A760A}.Debug|Any CPU.Deploy.0 = Debug|Any CPU
		{EBCF67FA-CCA0-4119-B108-90D8CF5A760A}.Debug|ARM.ActiveCfg = Debug|ARM
		{EBCF67FA-CCA0-4119-B108-90D8CF5A760A}.Debug|ARM.Build.0 = Debug|ARM
		{EBCF67FA-CCA0-4119-B108-90D8CF5A760A}.Debug|ARM.Deploy.0 = Debug|ARM
		{EBCF67FA-CCA0-4119-B108-90D8CF5A760A}.Debug|Mixed Platforms.ActiveCfg = Debug|x86
		{EBCF67FA-CCA0-4119-B108-90D8CF5A760A}.Debug|Mixed Platforms.Build.0 = Debug|x86
		{EBCF67FA-CCA0-4119-B108-90D8CF5A760A}.Debug|Mixed Platforms.Deploy.0 = Debug|x86
		{EBCF67FA-CCA0-4119-B108-90D8CF5A760A}.Debug|x64.ActiveCfg = Debug|x64
		{EBCF67FA-CCA0-4119-B108-90D8CF5A760A}.Debug|x64.Build.0 = Debug|x64
		{EBCF67FA-CCA0-4119-B108-90D8CF5A760A}.Debug|x64.Deploy.0 = Debug|x64
		{EBCF67FA-CCA0-4119-B108-90D8CF5A760A}.Debug|x86.ActiveCfg = Debug|x86
		{EBCF67FA-CCA0-4119-B108-90D8CF5A760A}.Debug|x86.Build.0 = Debug|x86
		{EBCF67FA-CCA0-4119-B108-90D8CF5A760A}.Debug|x86.Deploy.0 = Debug|x86
		{EBCF67FA-CCA0-4119-B108-90D8CF5A760A}.Release|Any CPU.ActiveCfg = Release|Any CPU
		{EBCF67FA-CCA0-4119-B108-90D8CF5A760A}.Release|Any CPU.Build.0 = Release|Any CPU
		{EBCF67FA-CCA0-4119-B108-90D8CF5A760A}.Release|Any CPU.Deploy.0 = Release|Any CPU
		{EBCF67FA-CCA0-4119-B108-90D8CF5A760A}.Release|ARM.ActiveCfg = Release|ARM
		{EBCF67FA-CCA0-4119-B108-90D8CF5A760A}.Release|ARM.Build.0 = Release|ARM
		{EBCF67FA-CCA0-4119-B108-90D8CF5A760A}.Release|ARM.Deploy.0 = Release|ARM
		{EBCF67FA-CCA0-4119-B108-90D8CF5A760A}.Release|Mixed Platforms.ActiveCfg = Release|x86
		{EBCF67FA-CCA0-4119-B108-90D8CF5A760A}.Release|Mixed Platforms.Build.0 = Release|x86
		{EBCF67FA-CCA0-4119-B108-90D8CF5A760A}.Release|Mixed Platforms.Deploy.0 = Release|x86
		{EBCF67FA-CCA0-4119-B108-90D8CF5A760A}.Release|x64.ActiveCfg = Release|x64
		{EBCF67FA-CCA0-4119-B108-90D8CF5A760A}.Release|x64.Build.0 = Release|x64
		{EBCF67FA-CCA0-4119-B108-90D8CF5A760A}.Release|x64.Deploy.0 = Release|x64
		{EBCF67FA-CCA0-4119-B108-90D8CF5A760A}.Release|x86.ActiveCfg = Release|x86
		{EBCF67FA-CCA0-4119-B108-90D8CF5A760A}.Release|x86.Build.0 = Release|x86
		{EBCF67FA-CCA0-4119-B108-90D8CF5A760A}.Release|x86.Deploy.0 = Release|x86
		{13E1AD27-50B1-4A48-9B2D-2DE51F534AF1}.Debug|Any CPU.ActiveCfg = Debug|x86
		{13E1AD27-50B1-4A48-9B2D-2DE51F534AF1}.Debug|Any CPU.Build.0 = Debug|x86
		{13E1AD27-50B1-4A48-9B2D-2DE51F534AF1}.Debug|ARM.ActiveCfg = Debug|ARM
		{13E1AD27-50B1-4A48-9B2D-2DE51F534AF1}.Debug|ARM.Build.0 = Debug|ARM
		{13E1AD27-50B1-4A48-9B2D-2DE51F534AF1}.Debug|ARM.Deploy.0 = Debug|ARM
		{13E1AD27-50B1-4A48-9B2D-2DE51F534AF1}.Debug|Mixed Platforms.ActiveCfg = Debug|x86
		{13E1AD27-50B1-4A48-9B2D-2DE51F534AF1}.Debug|Mixed Platforms.Build.0 = Debug|x86
		{13E1AD27-50B1-4A48-9B2D-2DE51F534AF1}.Debug|Mixed Platforms.Deploy.0 = Debug|x86
		{13E1AD27-50B1-4A48-9B2D-2DE51F534AF1}.Debug|x64.ActiveCfg = Debug|x86
		{13E1AD27-50B1-4A48-9B2D-2DE51F534AF1}.Debug|x86.ActiveCfg = Debug|x86
		{13E1AD27-50B1-4A48-9B2D-2DE51F534AF1}.Debug|x86.Build.0 = Debug|x86
		{13E1AD27-50B1-4A48-9B2D-2DE51F534AF1}.Debug|x86.Deploy.0 = Debug|x86
		{13E1AD27-50B1-4A48-9B2D-2DE51F534AF1}.Release|Any CPU.ActiveCfg = Release|x86
		{13E1AD27-50B1-4A48-9B2D-2DE51F534AF1}.Release|Any CPU.Build.0 = Release|x86
		{13E1AD27-50B1-4A48-9B2D-2DE51F534AF1}.Release|ARM.ActiveCfg = Release|ARM
		{13E1AD27-50B1-4A48-9B2D-2DE51F534AF1}.Release|ARM.Build.0 = Release|ARM
		{13E1AD27-50B1-4A48-9B2D-2DE51F534AF1}.Release|ARM.Deploy.0 = Release|ARM
		{13E1AD27-50B1-4A48-9B2D-2DE51F534AF1}.Release|Mixed Platforms.ActiveCfg = Release|x86
		{13E1AD27-50B1-4A48-9B2D-2DE51F534AF1}.Release|Mixed Platforms.Build.0 = Release|x86
		{13E1AD27-50B1-4A48-9B2D-2DE51F534AF1}.Release|Mixed Platforms.Deploy.0 = Release|x86
		{13E1AD27-50B1-4A48-9B2D-2DE51F534AF1}.Release|x64.ActiveCfg = Release|x86
		{13E1AD27-50B1-4A48-9B2D-2DE51F534AF1}.Release|x86.ActiveCfg = Release|x86
		{13E1AD27-50B1-4A48-9B2D-2DE51F534AF1}.Release|x86.Build.0 = Release|x86
		{13E1AD27-50B1-4A48-9B2D-2DE51F534AF1}.Release|x86.Deploy.0 = Release|x86
		{E43D7542-3FFC-49BF-BECA-9FD203A379C4}.Debug|Any CPU.ActiveCfg = Debug|Any CPU
		{E43D7542-3FFC-49BF-BECA-9FD203A379C4}.Debug|Any CPU.Build.0 = Debug|Any CPU
		{E43D7542-3FFC-49BF-BECA-9FD203A379C4}.Debug|ARM.ActiveCfg = Debug|Any CPU
		{E43D7542-3FFC-49BF-BECA-9FD203A379C4}.Debug|Mixed Platforms.ActiveCfg = Debug|Any CPU
		{E43D7542-3FFC-49BF-BECA-9FD203A379C4}.Debug|Mixed Platforms.Build.0 = Debug|Any CPU
		{E43D7542-3FFC-49BF-BECA-9FD203A379C4}.Debug|x64.ActiveCfg = Debug|Any CPU
		{E43D7542-3FFC-49BF-BECA-9FD203A379C4}.Debug|x86.ActiveCfg = Debug|Any CPU
		{E43D7542-3FFC-49BF-BECA-9FD203A379C4}.Release|Any CPU.ActiveCfg = Release|Any CPU
		{E43D7542-3FFC-49BF-BECA-9FD203A379C4}.Release|Any CPU.Build.0 = Release|Any CPU
		{E43D7542-3FFC-49BF-BECA-9FD203A379C4}.Release|ARM.ActiveCfg = Release|Any CPU
		{E43D7542-3FFC-49BF-BECA-9FD203A379C4}.Release|Mixed Platforms.ActiveCfg = Release|Any CPU
		{E43D7542-3FFC-49BF-BECA-9FD203A379C4}.Release|Mixed Platforms.Build.0 = Release|Any CPU
		{E43D7542-3FFC-49BF-BECA-9FD203A379C4}.Release|x64.ActiveCfg = Release|Any CPU
		{E43D7542-3FFC-49BF-BECA-9FD203A379C4}.Release|x86.ActiveCfg = Release|Any CPU
		{D725767B-0BBB-42E7-A76C-77DDB91EF3CC}.Debug|Any CPU.ActiveCfg = Debug|Any CPU
		{D725767B-0BBB-42E7-A76C-77DDB91EF3CC}.Debug|Any CPU.Build.0 = Debug|Any CPU
		{D725767B-0BBB-42E7-A76C-77DDB91EF3CC}.Debug|ARM.ActiveCfg = Debug|Any CPU
		{D725767B-0BBB-42E7-A76C-77DDB91EF3CC}.Debug|Mixed Platforms.ActiveCfg = Debug|Any CPU
		{D725767B-0BBB-42E7-A76C-77DDB91EF3CC}.Debug|Mixed Platforms.Build.0 = Debug|Any CPU
		{D725767B-0BBB-42E7-A76C-77DDB91EF3CC}.Debug|x64.ActiveCfg = Debug|Any CPU
		{D725767B-0BBB-42E7-A76C-77DDB91EF3CC}.Debug|x86.ActiveCfg = Debug|Any CPU
		{D725767B-0BBB-42E7-A76C-77DDB91EF3CC}.Release|Any CPU.ActiveCfg = Release|Any CPU
		{D725767B-0BBB-42E7-A76C-77DDB91EF3CC}.Release|Any CPU.Build.0 = Release|Any CPU
		{D725767B-0BBB-42E7-A76C-77DDB91EF3CC}.Release|ARM.ActiveCfg = Release|Any CPU
		{D725767B-0BBB-42E7-A76C-77DDB91EF3CC}.Release|Mixed Platforms.ActiveCfg = Release|Any CPU
		{D725767B-0BBB-42E7-A76C-77DDB91EF3CC}.Release|Mixed Platforms.Build.0 = Release|Any CPU
		{D725767B-0BBB-42E7-A76C-77DDB91EF3CC}.Release|x64.ActiveCfg = Release|Any CPU
		{D725767B-0BBB-42E7-A76C-77DDB91EF3CC}.Release|x86.ActiveCfg = Release|Any CPU
	EndGlobalSection
	GlobalSection(SolutionProperties) = preSolution
		HideSolutionNode = FALSE
	EndGlobalSection
	GlobalSection(NestedProjects) = preSolution
		{72619394-8AEE-42F0-9621-623A1090EE34} = {C0FE398E-F0F0-4346-A0E9-C2EFA1C4EBC9}
		{DBA229C9-D74B-4E91-B810-DEEA48993510} = {C0FE398E-F0F0-4346-A0E9-C2EFA1C4EBC9}
		{B430133E-161B-41E3-A2DE-87B388FFBE0A} = {C0FE398E-F0F0-4346-A0E9-C2EFA1C4EBC9}
		{9A9DECC8-657D-4E0A-A556-AE4E279DEF5F} = {C0FE398E-F0F0-4346-A0E9-C2EFA1C4EBC9}
		{08923C33-886B-4016-B1A6-BFAC2BB95BD2} = {C0FE398E-F0F0-4346-A0E9-C2EFA1C4EBC9}
		{9A78B997-21F0-4741-925D-D942B3DC12CA} = {91AF4095-22DF-45BF-8F01-56C74B4EBD66}
		{30633F03-7417-4EEE-8DA2-2B7DD3E07CCD} = {91AF4095-22DF-45BF-8F01-56C74B4EBD66}
		{EBCF67FA-CCA0-4119-B108-90D8CF5A760A} = {91AF4095-22DF-45BF-8F01-56C74B4EBD66}
		{13E1AD27-50B1-4A48-9B2D-2DE51F534AF1} = {91AF4095-22DF-45BF-8F01-56C74B4EBD66}
		{D725767B-0BBB-42E7-A76C-77DDB91EF3CC} = {91AF4095-22DF-45BF-8F01-56C74B4EBD66}
		{C09F1554-F0DB-4A3E-9BD1-CCBC2AA1D6E1} = {CCA826B0-BBAB-4A04-AB87-B1C3028849BF}
		{474AAFB7-5560-412A-8C98-D5558D24A59E} = {CCA826B0-BBAB-4A04-AB87-B1C3028849BF}
		{D5CDC85A-0D42-4833-B5E5-B4E9C62A52A5} = {CCA826B0-BBAB-4A04-AB87-B1C3028849BF}
		{F766F5CF-9AAF-48EF-9515-A0D808DEB9E5} = {CCA826B0-BBAB-4A04-AB87-B1C3028849BF}
		{E43D7542-3FFC-49BF-BECA-9FD203A379C4} = {CCA826B0-BBAB-4A04-AB87-B1C3028849BF}
	EndGlobalSection
EndGlobal
