
Microsoft Visual Studio Solution File, Format Version 12.00
# Visual Studio 2013
VisualStudioVersion = 12.0.30110.0
MinimumVisualStudioVersion = 10.0.40219.1
Project("{2150E333-8FDC-42A3-9474-1A3956D46DE8}") = "Solution Items", "Solution Items", "{B539178D-F175-4C7A-84BA-64559A289B06}"
EndProject
Project("{2150E333-8FDC-42A3-9474-1A3956D46DE8}") = "Examples", "Examples", "{C0FE398E-F0F0-4346-A0E9-C2EFA1C4EBC9}"
EndProject
Project("{2150E333-8FDC-42A3-9474-1A3956D46DE8}") = "Tests", "Tests", "{91AF4095-22DF-45BF-8F01-56C74B4EBD66}"
EndProject
Project("{2150E333-8FDC-42A3-9474-1A3956D46DE8}") = "Code", "Code", "{CCA826B0-BBAB-4A04-AB87-B1C3028849BF}"
EndProject
Project("{FAE04EC0-301F-11D3-BF4B-00C04F79EFBC}") = "FeatureToggle", "FeatureToggle\FeatureToggle.csproj", "{C09F1554-F0DB-4A3E-9BD1-CCBC2AA1D6E1}"
EndProject
Project("{2150E333-8FDC-42A3-9474-1A3956D46DE8}") = ".nuget", ".nuget", "{F2F32A1C-658D-479C-8F00-8227609ECFF5}"
	ProjectSection(SolutionItems) = preProject
		.nuget\NuGet.Config = .nuget\NuGet.Config
		.nuget\NuGet.exe = .nuget\NuGet.exe
		.nuget\NuGet.targets = .nuget\NuGet.targets
	EndProjectSection
EndProject
Project("{FAE04EC0-301F-11D3-BF4B-00C04F79EFBC}") = "FeatureToggle.Core", "FeatureToggle.Core\FeatureToggle.Core.csproj", "{474AAFB7-5560-412A-8C98-D5558D24A59E}"
EndProject
Project("{FAE04EC0-301F-11D3-BF4B-00C04F79EFBC}") = "ExampleConsoleApplication", "Examples\ExampleConsoleApplication\ExampleConsoleApplication.csproj", "{72619394-8AEE-42F0-9621-623A1090EE34}"
EndProject
Project("{FAE04EC0-301F-11D3-BF4B-00C04F79EFBC}") = "ExampleWebFormsApplication", "Examples\ExampleWebFormsApplication\ExampleWebFormsApplication.csproj", "{DBA229C9-D74B-4E91-B810-DEEA48993510}"
EndProject
Project("{FAE04EC0-301F-11D3-BF4B-00C04F79EFBC}") = "ExampleWpfApplication", "Examples\ExampleWpfApplication\ExampleWpfApplication.csproj", "{B430133E-161B-41E3-A2DE-87B388FFBE0A}"
EndProject
Project("{FAE04EC0-301F-11D3-BF4B-00C04F79EFBC}") = "FeatureToggle.WpfExtensions", "FeatureToggle.WpfExtensions\FeatureToggle.WpfExtensions.csproj", "{B220599A-E786-446D-9C47-978C50CD48CF}"
EndProject
Global
	GlobalSection(SolutionConfigurationPlatforms) = preSolution
		Debug|Any CPU = Debug|Any CPU
		Debug|ARM = Debug|ARM
		Debug|Mixed Platforms = Debug|Mixed Platforms
		Debug|x64 = Debug|x64
		Debug|x86 = Debug|x86
		Release|Any CPU = Release|Any CPU
		Release|ARM = Release|ARM
		Release|Mixed Platforms = Release|Mixed Platforms
		Release|x64 = Release|x64
		Release|x86 = Release|x86
	EndGlobalSection
	GlobalSection(ProjectConfigurationPlatforms) = postSolution
		{C09F1554-F0DB-4A3E-9BD1-CCBC2AA1D6E1}.Debug|Any CPU.ActiveCfg = Debug|Any CPU
		{C09F1554-F0DB-4A3E-9BD1-CCBC2AA1D6E1}.Debug|Any CPU.Build.0 = Debug|Any CPU
		{C09F1554-F0DB-4A3E-9BD1-CCBC2AA1D6E1}.Debug|ARM.ActiveCfg = Debug|Any CPU
		{C09F1554-F0DB-4A3E-9BD1-CCBC2AA1D6E1}.Debug|Mixed Platforms.ActiveCfg = Debug|Any CPU
		{C09F1554-F0DB-4A3E-9BD1-CCBC2AA1D6E1}.Debug|Mixed Platforms.Build.0 = Debug|Any CPU
		{C09F1554-F0DB-4A3E-9BD1-CCBC2AA1D6E1}.Debug|x64.ActiveCfg = Debug|Any CPU
		{C09F1554-F0DB-4A3E-9BD1-CCBC2AA1D6E1}.Debug|x86.ActiveCfg = Debug|Any CPU
		{C09F1554-F0DB-4A3E-9BD1-CCBC2AA1D6E1}.Release|Any CPU.ActiveCfg = Release|Any CPU
		{C09F1554-F0DB-4A3E-9BD1-CCBC2AA1D6E1}.Release|Any CPU.Build.0 = Release|Any CPU
		{C09F1554-F0DB-4A3E-9BD1-CCBC2AA1D6E1}.Release|ARM.ActiveCfg = Release|Any CPU
		{C09F1554-F0DB-4A3E-9BD1-CCBC2AA1D6E1}.Release|Mixed Platforms.ActiveCfg = Release|Any CPU
		{C09F1554-F0DB-4A3E-9BD1-CCBC2AA1D6E1}.Release|Mixed Platforms.Build.0 = Release|Any CPU
		{C09F1554-F0DB-4A3E-9BD1-CCBC2AA1D6E1}.Release|x64.ActiveCfg = Release|Any CPU
		{C09F1554-F0DB-4A3E-9BD1-CCBC2AA1D6E1}.Release|x86.ActiveCfg = Release|Any CPU
		{474AAFB7-5560-412A-8C98-D5558D24A59E}.Debug|Any CPU.ActiveCfg = Debug|Any CPU
		{474AAFB7-5560-412A-8C98-D5558D24A59E}.Debug|Any CPU.Build.0 = Debug|Any CPU
		{474AAFB7-5560-412A-8C98-D5558D24A59E}.Debug|ARM.ActiveCfg = Debug|Any CPU
		{474AAFB7-5560-412A-8C98-D5558D24A59E}.Debug|Mixed Platforms.ActiveCfg = Debug|Any CPU
		{474AAFB7-5560-412A-8C98-D5558D24A59E}.Debug|Mixed Platforms.Build.0 = Debug|Any CPU
		{474AAFB7-5560-412A-8C98-D5558D24A59E}.Debug|x64.ActiveCfg = Debug|Any CPU
		{474AAFB7-5560-412A-8C98-D5558D24A59E}.Debug|x86.ActiveCfg = Debug|Any CPU
		{474AAFB7-5560-412A-8C98-D5558D24A59E}.Release|Any CPU.ActiveCfg = Release|Any CPU
		{474AAFB7-5560-412A-8C98-D5558D24A59E}.Release|Any CPU.Build.0 = Release|Any CPU
		{474AAFB7-5560-412A-8C98-D5558D24A59E}.Release|ARM.ActiveCfg = Release|Any CPU
		{474AAFB7-5560-412A-8C98-D5558D24A59E}.Release|Mixed Platforms.ActiveCfg = Release|Any CPU
		{474AAFB7-5560-412A-8C98-D5558D24A59E}.Release|Mixed Platforms.Build.0 = Release|Any CPU
		{474AAFB7-5560-412A-8C98-D5558D24A59E}.Release|x64.ActiveCfg = Release|Any CPU
		{474AAFB7-5560-412A-8C98-D5558D24A59E}.Release|x86.ActiveCfg = Release|Any CPU
		{72619394-8AEE-42F0-9621-623A1090EE34}.Debug|Any CPU.ActiveCfg = Debug|Any CPU
		{72619394-8AEE-42F0-9621-623A1090EE34}.Debug|Any CPU.Build.0 = Debug|Any CPU
		{72619394-8AEE-42F0-9621-623A1090EE34}.Debug|ARM.ActiveCfg = Debug|Any CPU
		{72619394-8AEE-42F0-9621-623A1090EE34}.Debug|Mixed Platforms.ActiveCfg = Debug|Any CPU
		{72619394-8AEE-42F0-9621-623A1090EE34}.Debug|Mixed Platforms.Build.0 = Debug|Any CPU
		{72619394-8AEE-42F0-9621-623A1090EE34}.Debug|x64.ActiveCfg = Debug|Any CPU
		{72619394-8AEE-42F0-9621-623A1090EE34}.Debug|x86.ActiveCfg = Debug|Any CPU
		{72619394-8AEE-42F0-9621-623A1090EE34}.Release|Any CPU.ActiveCfg = Release|Any CPU
		{72619394-8AEE-42F0-9621-623A1090EE34}.Release|Any CPU.Build.0 = Release|Any CPU
		{72619394-8AEE-42F0-9621-623A1090EE34}.Release|ARM.ActiveCfg = Release|Any CPU
		{72619394-8AEE-42F0-9621-623A1090EE34}.Release|Mixed Platforms.ActiveCfg = Release|Any CPU
		{72619394-8AEE-42F0-9621-623A1090EE34}.Release|Mixed Platforms.Build.0 = Release|Any CPU
		{72619394-8AEE-42F0-9621-623A1090EE34}.Release|x64.ActiveCfg = Release|Any CPU
		{72619394-8AEE-42F0-9621-623A1090EE34}.Release|x86.ActiveCfg = Release|Any CPU
		{DBA229C9-D74B-4E91-B810-DEEA48993510}.Debug|Any CPU.ActiveCfg = Debug|Any CPU
		{DBA229C9-D74B-4E91-B810-DEEA48993510}.Debug|Any CPU.Build.0 = Debug|Any CPU
		{DBA229C9-D74B-4E91-B810-DEEA48993510}.Debug|ARM.ActiveCfg = Debug|Any CPU
		{DBA229C9-D74B-4E91-B810-DEEA48993510}.Debug|Mixed Platforms.ActiveCfg = Debug|Any CPU
		{DBA229C9-D74B-4E91-B810-DEEA48993510}.Debug|Mixed Platforms.Build.0 = Debug|Any CPU
		{DBA229C9-D74B-4E91-B810-DEEA48993510}.Debug|x64.ActiveCfg = Debug|Any CPU
		{DBA229C9-D74B-4E91-B810-DEEA48993510}.Debug|x86.ActiveCfg = Debug|Any CPU
		{DBA229C9-D74B-4E91-B810-DEEA48993510}.Release|Any CPU.ActiveCfg = Release|Any CPU
		{DBA229C9-D74B-4E91-B810-DEEA48993510}.Release|Any CPU.Build.0 = Release|Any CPU
		{DBA229C9-D74B-4E91-B810-DEEA48993510}.Release|ARM.ActiveCfg = Release|Any CPU
		{DBA229C9-D74B-4E91-B810-DEEA48993510}.Release|Mixed Platforms.ActiveCfg = Release|Any CPU
		{DBA229C9-D74B-4E91-B810-DEEA48993510}.Release|Mixed Platforms.Build.0 = Release|Any CPU
		{DBA229C9-D74B-4E91-B810-DEEA48993510}.Release|x64.ActiveCfg = Release|Any CPU
		{DBA229C9-D74B-4E91-B810-DEEA48993510}.Release|x86.ActiveCfg = Release|Any CPU
		{B430133E-161B-41E3-A2DE-87B388FFBE0A}.Debug|Any CPU.ActiveCfg = Debug|x86
		{B430133E-161B-41E3-A2DE-87B388FFBE0A}.Debug|ARM.ActiveCfg = Debug|x86
		{B430133E-161B-41E3-A2DE-87B388FFBE0A}.Debug|Mixed Platforms.ActiveCfg = Debug|x86
		{B430133E-161B-41E3-A2DE-87B388FFBE0A}.Debug|Mixed Platforms.Build.0 = Debug|x86
		{B430133E-161B-41E3-A2DE-87B388FFBE0A}.Debug|x64.ActiveCfg = Debug|x86
		{B430133E-161B-41E3-A2DE-87B388FFBE0A}.Debug|x86.ActiveCfg = Debug|x86
		{B430133E-161B-41E3-A2DE-87B388FFBE0A}.Debug|x86.Build.0 = Debug|x86
		{B430133E-161B-41E3-A2DE-87B388FFBE0A}.Release|Any CPU.ActiveCfg = Release|x86
		{B430133E-161B-41E3-A2DE-87B388FFBE0A}.Release|ARM.ActiveCfg = Release|x86
		{B430133E-161B-41E3-A2DE-87B388FFBE0A}.Release|Mixed Platforms.ActiveCfg = Release|x86
		{B430133E-161B-41E3-A2DE-87B388FFBE0A}.Release|Mixed Platforms.Build.0 = Release|x86
		{B430133E-161B-41E3-A2DE-87B388FFBE0A}.Release|x64.ActiveCfg = Release|x86
		{B430133E-161B-41E3-A2DE-87B388FFBE0A}.Release|x86.ActiveCfg = Release|x86
		{B430133E-161B-41E3-A2DE-87B388FFBE0A}.Release|x86.Build.0 = Release|x86
		{B220599A-E786-446D-9C47-978C50CD48CF}.Debug|Any CPU.ActiveCfg = Debug|Any CPU
		{B220599A-E786-446D-9C47-978C50CD48CF}.Debug|Any CPU.Build.0 = Debug|Any CPU
		{B220599A-E786-446D-9C47-978C50CD48CF}.Debug|ARM.ActiveCfg = Debug|Any CPU
		{B220599A-E786-446D-9C47-978C50CD48CF}.Debug|Mixed Platforms.ActiveCfg = Debug|Any CPU
		{B220599A-E786-446D-9C47-978C50CD48CF}.Debug|Mixed Platforms.Build.0 = Debug|Any CPU
		{B220599A-E786-446D-9C47-978C50CD48CF}.Debug|x64.ActiveCfg = Debug|Any CPU
		{B220599A-E786-446D-9C47-978C50CD48CF}.Debug|x86.ActiveCfg = Debug|Any CPU
		{B220599A-E786-446D-9C47-978C50CD48CF}.Release|Any CPU.ActiveCfg = Release|Any CPU
		{B220599A-E786-446D-9C47-978C50CD48CF}.Release|Any CPU.Build.0 = Release|Any CPU
		{B220599A-E786-446D-9C47-978C50CD48CF}.Release|ARM.ActiveCfg = Release|Any CPU
		{B220599A-E786-446D-9C47-978C50CD48CF}.Release|Mixed Platforms.ActiveCfg = Release|Any CPU
		{B220599A-E786-446D-9C47-978C50CD48CF}.Release|Mixed Platforms.Build.0 = Release|Any CPU
		{B220599A-E786-446D-9C47-978C50CD48CF}.Release|x64.ActiveCfg = Release|Any CPU
		{B220599A-E786-446D-9C47-978C50CD48CF}.Release|x86.ActiveCfg = Release|Any CPU
	EndGlobalSection
	GlobalSection(SolutionProperties) = preSolution
		HideSolutionNode = FALSE
	EndGlobalSection
	GlobalSection(NestedProjects) = preSolution
		{72619394-8AEE-42F0-9621-623A1090EE34} = {C0FE398E-F0F0-4346-A0E9-C2EFA1C4EBC9}
		{DBA229C9-D74B-4E91-B810-DEEA48993510} = {C0FE398E-F0F0-4346-A0E9-C2EFA1C4EBC9}
		{B430133E-161B-41E3-A2DE-87B388FFBE0A} = {C0FE398E-F0F0-4346-A0E9-C2EFA1C4EBC9}
		{C09F1554-F0DB-4A3E-9BD1-CCBC2AA1D6E1} = {CCA826B0-BBAB-4A04-AB87-B1C3028849BF}
		{474AAFB7-5560-412A-8C98-D5558D24A59E} = {CCA826B0-BBAB-4A04-AB87-B1C3028849BF}
		{B220599A-E786-446D-9C47-978C50CD48CF} = {CCA826B0-BBAB-4A04-AB87-B1C3028849BF}
	EndGlobalSection
EndGlobal
