
Microsoft Visual Studio Solution File, Format Version 12.00
# Visual Studio 2013
VisualStudioVersion = 12.0.31101.0
MinimumVisualStudioVersion = 10.0.40219.1
Project("{2150E333-8FDC-42A3-9474-1A3956D46DE8}") = "Solution Items", "Solution Items", "{B539178D-F175-4C7A-84BA-64559A289B06}"
EndProject
Project("{2150E333-8FDC-42A3-9474-1A3956D46DE8}") = "Examples", "Examples", "{C0FE398E-F0F0-4346-A0E9-C2EFA1C4EBC9}"
EndProject
Project("{2150E333-8FDC-42A3-9474-1A3956D46DE8}") = "Tests", "Tests", "{91AF4095-22DF-45BF-8F01-56C74B4EBD66}"
EndProject
Project("{2150E333-8FDC-42A3-9474-1A3956D46DE8}") = "Code", "Code", "{CCA826B0-BBAB-4A04-AB87-B1C3028849BF}"
EndProject
Project("{FAE04EC0-301F-11D3-BF4B-00C04F79EFBC}") = "FeatureToggle", "FeatureToggle\FeatureToggle.csproj", "{C09F1554-F0DB-4A3E-9BD1-CCBC2AA1D6E1}"
EndProject
Project("{2150E333-8FDC-42A3-9474-1A3956D46DE8}") = ".nuget", ".nuget", "{F2F32A1C-658D-479C-8F00-8227609ECFF5}"
	ProjectSection(SolutionItems) = preProject
		.nuget\NuGet.Config = .nuget\NuGet.Config
		.nuget\NuGet.exe = .nuget\NuGet.exe
		.nuget\NuGet.targets = .nuget\NuGet.targets
	EndProjectSection
EndProject
Project("{FAE04EC0-301F-11D3-BF4B-00C04F79EFBC}") = "FeatureToggle.Core", "FeatureToggle.Core\FeatureToggle.Core.csproj", "{474AAFB7-5560-412A-8C98-D5558D24A59E}"
EndProject
Project("{FAE04EC0-301F-11D3-BF4B-00C04F79EFBC}") = "ExampleConsoleApplication", "Examples\ExampleConsoleApplication\ExampleConsoleApplication.csproj", "{72619394-8AEE-42F0-9621-623A1090EE34}"
EndProject
Project("{FAE04EC0-301F-11D3-BF4B-00C04F79EFBC}") = "ExampleWebFormsApplication", "Examples\ExampleWebFormsApplication\ExampleWebFormsApplication.csproj", "{DBA229C9-D74B-4E91-B810-DEEA48993510}"
EndProject
Project("{FAE04EC0-301F-11D3-BF4B-00C04F79EFBC}") = "ExampleWpfApplication", "Examples\ExampleWpfApplication\ExampleWpfApplication.csproj", "{B430133E-161B-41E3-A2DE-87B388FFBE0A}"
EndProject
Project("{FAE04EC0-301F-11D3-BF4B-00C04F79EFBC}") = "FeatureToggle.Tests", "Tests\FeatureToggle.Tests\FeatureToggle.Tests.csproj", "{9A78B997-21F0-4741-925D-D942B3DC12CA}"
EndProject
Project("{FAE04EC0-301F-11D3-BF4B-00C04F79EFBC}") = "FeatureToggle.Integration.Tests", "Tests\FeatureToggle.Integration.Tests\FeatureToggle.Integration.Tests.csproj", "{30633F03-7417-4EEE-8DA2-2B7DD3E07CCD}"
EndProject
Project("{FAE04EC0-301F-11D3-BF4B-00C04F79EFBC}") = "ExampleWindows8StoreApp", "Examples\ExampleWindows8StoreApp\ExampleWindows8StoreApp.csproj", "{08923C33-886B-4016-B1A6-BFAC2BB95BD2}"
EndProject
Project("{FAE04EC0-301F-11D3-BF4B-00C04F79EFBC}") = "FeatureToggle.WindowsStore", "FeatureToggle.WindowsStore\FeatureToggle.WindowsStore.csproj", "{F766F5CF-9AAF-48EF-9515-A0D808DEB9E5}"
EndProject
Project("{FAE04EC0-301F-11D3-BF4B-00C04F79EFBC}") = "FeatureToggle.WindowsStore.Tests", "Tests\FeatureToggle.WindowsStore.Tests\FeatureToggle.WindowsStore.Tests.csproj", "{EBCF67FA-CCA0-4119-B108-90D8CF5A760A}"
EndProject
Project("{D954291E-2A0B-460D-934E-DC6B0785DB48}") = "FeatureToggle.Shared", "FeatureToggle.Shared\FeatureToggle.Shared.shproj", "{5E161F8F-80B3-48AB-AB8C-B75A1CCD5C31}"
EndProject
Project("{FAE04EC0-301F-11D3-BF4B-00C04F79EFBC}") = "FeatureToggle.RavenDB", "FeatureToggle.RavenDB\FeatureToggle.RavenDB.csproj", "{DC23D49C-81CF-44AA-BF19-CE4622DA50BC}"
EndProject
Project("{FAE04EC0-301F-11D3-BF4B-00C04F79EFBC}") = "WebServicesForExamples", "Examples\WebServicesForExamples\WebServicesForExamples.csproj", "{8BEDB33B-A1C5-46F1-85B4-74249FDB3486}"
EndProject
Project("{FAE04EC0-301F-11D3-BF4B-00C04F79EFBC}") = "FeatureToggle.UniversalApps81", "FeatureToggle.UniversalApps81\FeatureToggle.UniversalApps81.csproj", "{D43BBCDE-2C19-4F44-A57D-E2B57C741FBC}"
EndProject
Project("{FAE04EC0-301F-11D3-BF4B-00C04F79EFBC}") = "FeatureToggle.UniversalApps81.Tests", "Tests\FeatureToggle.UniversalApps81.Tests\FeatureToggle.UniversalApps81.Tests.csproj", "{FBFF364A-D072-46C7-8382-7F95CCA685C8}"
EndProject
Project("{FAE04EC0-301F-11D3-BF4B-00C04F79EFBC}") = "FeatureToggle.WindowsPhone81Silverlight", "FeatureToggle.WindowsPhone81Silverlight\FeatureToggle.WindowsPhone81Silverlight.csproj", "{E80213DF-1E94-4748-90ED-9A527BFD2371}"
EndProject
Project("{FAE04EC0-301F-11D3-BF4B-00C04F79EFBC}") = "FeatureToggle.WindowsPhone81Silverlight.Tests", "Tests\FeatureToggle.WindowsPhone81Silverlight.Tests\FeatureToggle.WindowsPhone81Silverlight.Tests.csproj", "{8B2342A9-4FA0-49E0-A7FE-6630263E9CE0}"
EndProject
Project("{D954291E-2A0B-460D-934E-DC6B0785DB48}") = "FeatureToggle.Tests.Shared", "Tests\FeatureToggle.Tests.Shared\FeatureToggle.Tests.Shared.shproj", "{09B6DB37-B8DF-4AF4-A3BE-3D0A0CB1466A}"
EndProject
Global
	GlobalSection(SharedMSBuildProjectFiles) = preSolution
		Tests\FeatureToggle.Tests.Shared\FeatureToggle.Tests.Shared.projitems*{09b6db37-b8df-4af4-a3be-3d0a0cb1466a}*SharedItemsImports = 13
		Tests\FeatureToggle.Tests.Shared\FeatureToggle.Tests.Shared.projitems*{8b2342a9-4fa0-49e0-a7fe-6630263e9ce0}*SharedItemsImports = 4
		Tests\FeatureToggle.Tests.Shared\FeatureToggle.Tests.Shared.projitems*{ebcf67fa-cca0-4119-b108-90d8cf5a760a}*SharedItemsImports = 4
		FeatureToggle.Shared\FeatureToggle.Shared.projitems*{f766f5cf-9aaf-48ef-9515-a0d808deb9e5}*SharedItemsImports = 4
		FeatureToggle.Shared\FeatureToggle.Shared.projitems*{c09f1554-f0db-4a3e-9bd1-ccbc2aa1d6e1}*SharedItemsImports = 4
		FeatureToggle.Shared\FeatureToggle.Shared.projitems*{d43bbcde-2c19-4f44-a57d-e2b57c741fbc}*SharedItemsImports = 4
		Tests\FeatureToggle.Tests.Shared\FeatureToggle.Tests.Shared.projitems*{fbff364a-d072-46c7-8382-7f95cca685c8}*SharedItemsImports = 4
		FeatureToggle.Shared\FeatureToggle.Shared.projitems*{5e161f8f-80b3-48ab-ab8c-b75a1ccd5c31}*SharedItemsImports = 13
		FeatureToggle.Shared\FeatureToggle.Shared.projitems*{e80213df-1e94-4748-90ed-9a527bfd2371}*SharedItemsImports = 4
	EndGlobalSection
	GlobalSection(SolutionConfigurationPlatforms) = preSolution
		Debug|Any CPU = Debug|Any CPU
		Debug|ARM = Debug|ARM
		Debug|Mixed Platforms = Debug|Mixed Platforms
		Debug|x64 = Debug|x64
		Debug|x86 = Debug|x86
		Release|Any CPU = Release|Any CPU
		Release|ARM = Release|ARM
		Release|Mixed Platforms = Release|Mixed Platforms
		Release|x64 = Release|x64
		Release|x86 = Release|x86
	EndGlobalSection
	GlobalSection(ProjectConfigurationPlatforms) = postSolution
		{C09F1554-F0DB-4A3E-9BD1-CCBC2AA1D6E1}.Debug|Any CPU.ActiveCfg = Debug|Any CPU
		{C09F1554-F0DB-4A3E-9BD1-CCBC2AA1D6E1}.Debug|Any CPU.Build.0 = Debug|Any CPU
		{C09F1554-F0DB-4A3E-9BD1-CCBC2AA1D6E1}.Debug|ARM.ActiveCfg = Debug|Any CPU
		{C09F1554-F0DB-4A3E-9BD1-CCBC2AA1D6E1}.Debug|Mixed Platforms.ActiveCfg = Debug|Any CPU
		{C09F1554-F0DB-4A3E-9BD1-CCBC2AA1D6E1}.Debug|Mixed Platforms.Build.0 = Debug|Any CPU
		{C09F1554-F0DB-4A3E-9BD1-CCBC2AA1D6E1}.Debug|x64.ActiveCfg = Debug|Any CPU
		{C09F1554-F0DB-4A3E-9BD1-CCBC2AA1D6E1}.Debug|x86.ActiveCfg = Debug|Any CPU
		{C09F1554-F0DB-4A3E-9BD1-CCBC2AA1D6E1}.Release|Any CPU.ActiveCfg = Release|Any CPU
		{C09F1554-F0DB-4A3E-9BD1-CCBC2AA1D6E1}.Release|Any CPU.Build.0 = Release|Any CPU
		{C09F1554-F0DB-4A3E-9BD1-CCBC2AA1D6E1}.Release|ARM.ActiveCfg = Release|Any CPU
		{C09F1554-F0DB-4A3E-9BD1-CCBC2AA1D6E1}.Release|Mixed Platforms.ActiveCfg = Release|Any CPU
		{C09F1554-F0DB-4A3E-9BD1-CCBC2AA1D6E1}.Release|Mixed Platforms.Build.0 = Release|Any CPU
		{C09F1554-F0DB-4A3E-9BD1-CCBC2AA1D6E1}.Release|x64.ActiveCfg = Release|Any CPU
		{C09F1554-F0DB-4A3E-9BD1-CCBC2AA1D6E1}.Release|x86.ActiveCfg = Release|Any CPU
		{474AAFB7-5560-412A-8C98-D5558D24A59E}.Debug|Any CPU.ActiveCfg = Debug|Any CPU
		{474AAFB7-5560-412A-8C98-D5558D24A59E}.Debug|Any CPU.Build.0 = Debug|Any CPU
		{474AAFB7-5560-412A-8C98-D5558D24A59E}.Debug|ARM.ActiveCfg = Debug|Any CPU
		{474AAFB7-5560-412A-8C98-D5558D24A59E}.Debug|Mixed Platforms.ActiveCfg = Debug|Any CPU
		{474AAFB7-5560-412A-8C98-D5558D24A59E}.Debug|Mixed Platforms.Build.0 = Debug|Any CPU
		{474AAFB7-5560-412A-8C98-D5558D24A59E}.Debug|x64.ActiveCfg = Debug|Any CPU
		{474AAFB7-5560-412A-8C98-D5558D24A59E}.Debug|x86.ActiveCfg = Debug|Any CPU
		{474AAFB7-5560-412A-8C98-D5558D24A59E}.Release|Any CPU.ActiveCfg = Release|Any CPU
		{474AAFB7-5560-412A-8C98-D5558D24A59E}.Release|Any CPU.Build.0 = Release|Any CPU
		{474AAFB7-5560-412A-8C98-D5558D24A59E}.Release|ARM.ActiveCfg = Release|Any CPU
		{474AAFB7-5560-412A-8C98-D5558D24A59E}.Release|Mixed Platforms.ActiveCfg = Release|Any CPU
		{474AAFB7-5560-412A-8C98-D5558D24A59E}.Release|Mixed Platforms.Build.0 = Release|Any CPU
		{474AAFB7-5560-412A-8C98-D5558D24A59E}.Release|x64.ActiveCfg = Release|Any CPU
		{474AAFB7-5560-412A-8C98-D5558D24A59E}.Release|x86.ActiveCfg = Release|Any CPU
		{72619394-8AEE-42F0-9621-623A1090EE34}.Debug|Any CPU.ActiveCfg = Debug|Any CPU
		{72619394-8AEE-42F0-9621-623A1090EE34}.Debug|Any CPU.Build.0 = Debug|Any CPU
		{72619394-8AEE-42F0-9621-623A1090EE34}.Debug|ARM.ActiveCfg = Debug|Any CPU
		{72619394-8AEE-42F0-9621-623A1090EE34}.Debug|Mixed Platforms.ActiveCfg = Debug|Any CPU
		{72619394-8AEE-42F0-9621-623A1090EE34}.Debug|Mixed Platforms.Build.0 = Debug|Any CPU
		{72619394-8AEE-42F0-9621-623A1090EE34}.Debug|x64.ActiveCfg = Debug|Any CPU
		{72619394-8AEE-42F0-9621-623A1090EE34}.Debug|x86.ActiveCfg = Debug|Any CPU
		{72619394-8AEE-42F0-9621-623A1090EE34}.Release|Any CPU.ActiveCfg = Release|Any CPU
		{72619394-8AEE-42F0-9621-623A1090EE34}.Release|Any CPU.Build.0 = Release|Any CPU
		{72619394-8AEE-42F0-9621-623A1090EE34}.Release|ARM.ActiveCfg = Release|Any CPU
		{72619394-8AEE-42F0-9621-623A1090EE34}.Release|Mixed Platforms.ActiveCfg = Release|Any CPU
		{72619394-8AEE-42F0-9621-623A1090EE34}.Release|Mixed Platforms.Build.0 = Release|Any CPU
		{72619394-8AEE-42F0-9621-623A1090EE34}.Release|x64.ActiveCfg = Release|Any CPU
		{72619394-8AEE-42F0-9621-623A1090EE34}.Release|x86.ActiveCfg = Release|Any CPU
		{DBA229C9-D74B-4E91-B810-DEEA48993510}.Debug|Any CPU.ActiveCfg = Debug|Any CPU
		{DBA229C9-D74B-4E91-B810-DEEA48993510}.Debug|Any CPU.Build.0 = Debug|Any CPU
		{DBA229C9-D74B-4E91-B810-DEEA48993510}.Debug|ARM.ActiveCfg = Debug|Any CPU
		{DBA229C9-D74B-4E91-B810-DEEA48993510}.Debug|Mixed Platforms.ActiveCfg = Debug|Any CPU
		{DBA229C9-D74B-4E91-B810-DEEA48993510}.Debug|Mixed Platforms.Build.0 = Debug|Any CPU
		{DBA229C9-D74B-4E91-B810-DEEA48993510}.Debug|x64.ActiveCfg = Debug|Any CPU
		{DBA229C9-D74B-4E91-B810-DEEA48993510}.Debug|x86.ActiveCfg = Debug|Any CPU
		{DBA229C9-D74B-4E91-B810-DEEA48993510}.Release|Any CPU.ActiveCfg = Release|Any CPU
		{DBA229C9-D74B-4E91-B810-DEEA48993510}.Release|Any CPU.Build.0 = Release|Any CPU
		{DBA229C9-D74B-4E91-B810-DEEA48993510}.Release|ARM.ActiveCfg = Release|Any CPU
		{DBA229C9-D74B-4E91-B810-DEEA48993510}.Release|Mixed Platforms.ActiveCfg = Release|Any CPU
		{DBA229C9-D74B-4E91-B810-DEEA48993510}.Release|Mixed Platforms.Build.0 = Release|Any CPU
		{DBA229C9-D74B-4E91-B810-DEEA48993510}.Release|x64.ActiveCfg = Release|Any CPU
		{DBA229C9-D74B-4E91-B810-DEEA48993510}.Release|x86.ActiveCfg = Release|Any CPU
		{B430133E-161B-41E3-A2DE-87B388FFBE0A}.Debug|Any CPU.ActiveCfg = Debug|x86
		{B430133E-161B-41E3-A2DE-87B388FFBE0A}.Debug|Any CPU.Build.0 = Debug|x86
		{B430133E-161B-41E3-A2DE-87B388FFBE0A}.Debug|ARM.ActiveCfg = Debug|x86
		{B430133E-161B-41E3-A2DE-87B388FFBE0A}.Debug|Mixed Platforms.ActiveCfg = Debug|x86
		{B430133E-161B-41E3-A2DE-87B388FFBE0A}.Debug|Mixed Platforms.Build.0 = Debug|x86
		{B430133E-161B-41E3-A2DE-87B388FFBE0A}.Debug|x64.ActiveCfg = Debug|x86
		{B430133E-161B-41E3-A2DE-87B388FFBE0A}.Debug|x86.ActiveCfg = Debug|x86
		{B430133E-161B-41E3-A2DE-87B388FFBE0A}.Debug|x86.Build.0 = Debug|x86
		{B430133E-161B-41E3-A2DE-87B388FFBE0A}.Release|Any CPU.ActiveCfg = Release|x86
		{B430133E-161B-41E3-A2DE-87B388FFBE0A}.Release|Any CPU.Build.0 = Release|x86
		{B430133E-161B-41E3-A2DE-87B388FFBE0A}.Release|ARM.ActiveCfg = Release|x86
		{B430133E-161B-41E3-A2DE-87B388FFBE0A}.Release|Mixed Platforms.ActiveCfg = Release|x86
		{B430133E-161B-41E3-A2DE-87B388FFBE0A}.Release|Mixed Platforms.Build.0 = Release|x86
		{B430133E-161B-41E3-A2DE-87B388FFBE0A}.Release|x64.ActiveCfg = Release|x86
		{B430133E-161B-41E3-A2DE-87B388FFBE0A}.Release|x86.ActiveCfg = Release|x86
		{B430133E-161B-41E3-A2DE-87B388FFBE0A}.Release|x86.Build.0 = Release|x86
		{9A78B997-21F0-4741-925D-D942B3DC12CA}.Debug|Any CPU.ActiveCfg = Debug|Any CPU
		{9A78B997-21F0-4741-925D-D942B3DC12CA}.Debug|Any CPU.Build.0 = Debug|Any CPU
		{9A78B997-21F0-4741-925D-D942B3DC12CA}.Debug|ARM.ActiveCfg = Debug|Any CPU
		{9A78B997-21F0-4741-925D-D942B3DC12CA}.Debug|Mixed Platforms.ActiveCfg = Debug|Any CPU
		{9A78B997-21F0-4741-925D-D942B3DC12CA}.Debug|Mixed Platforms.Build.0 = Debug|Any CPU
		{9A78B997-21F0-4741-925D-D942B3DC12CA}.Debug|x64.ActiveCfg = Debug|Any CPU
		{9A78B997-21F0-4741-925D-D942B3DC12CA}.Debug|x86.ActiveCfg = Debug|Any CPU
		{9A78B997-21F0-4741-925D-D942B3DC12CA}.Release|Any CPU.ActiveCfg = Release|Any CPU
		{9A78B997-21F0-4741-925D-D942B3DC12CA}.Release|Any CPU.Build.0 = Release|Any CPU
		{9A78B997-21F0-4741-925D-D942B3DC12CA}.Release|ARM.ActiveCfg = Release|Any CPU
		{9A78B997-21F0-4741-925D-D942B3DC12CA}.Release|Mixed Platforms.ActiveCfg = Release|Any CPU
		{9A78B997-21F0-4741-925D-D942B3DC12CA}.Release|Mixed Platforms.Build.0 = Release|Any CPU
		{9A78B997-21F0-4741-925D-D942B3DC12CA}.Release|x64.ActiveCfg = Release|Any CPU
		{9A78B997-21F0-4741-925D-D942B3DC12CA}.Release|x86.ActiveCfg = Release|Any CPU
		{30633F03-7417-4EEE-8DA2-2B7DD3E07CCD}.Debug|Any CPU.ActiveCfg = Debug|Any CPU
		{30633F03-7417-4EEE-8DA2-2B7DD3E07CCD}.Debug|Any CPU.Build.0 = Debug|Any CPU
		{30633F03-7417-4EEE-8DA2-2B7DD3E07CCD}.Debug|ARM.ActiveCfg = Debug|Any CPU
		{30633F03-7417-4EEE-8DA2-2B7DD3E07CCD}.Debug|Mixed Platforms.ActiveCfg = Debug|Any CPU
		{30633F03-7417-4EEE-8DA2-2B7DD3E07CCD}.Debug|Mixed Platforms.Build.0 = Debug|Any CPU
		{30633F03-7417-4EEE-8DA2-2B7DD3E07CCD}.Debug|x64.ActiveCfg = Debug|Any CPU
		{30633F03-7417-4EEE-8DA2-2B7DD3E07CCD}.Debug|x86.ActiveCfg = Debug|Any CPU
		{30633F03-7417-4EEE-8DA2-2B7DD3E07CCD}.Release|Any CPU.ActiveCfg = Release|Any CPU
		{30633F03-7417-4EEE-8DA2-2B7DD3E07CCD}.Release|Any CPU.Build.0 = Release|Any CPU
		{30633F03-7417-4EEE-8DA2-2B7DD3E07CCD}.Release|ARM.ActiveCfg = Release|Any CPU
		{30633F03-7417-4EEE-8DA2-2B7DD3E07CCD}.Release|Mixed Platforms.ActiveCfg = Release|Any CPU
		{30633F03-7417-4EEE-8DA2-2B7DD3E07CCD}.Release|Mixed Platforms.Build.0 = Release|Any CPU
		{30633F03-7417-4EEE-8DA2-2B7DD3E07CCD}.Release|x64.ActiveCfg = Release|Any CPU
		{30633F03-7417-4EEE-8DA2-2B7DD3E07CCD}.Release|x86.ActiveCfg = Release|Any CPU
		{08923C33-886B-4016-B1A6-BFAC2BB95BD2}.Debug|Any CPU.ActiveCfg = Debug|Any CPU
		{08923C33-886B-4016-B1A6-BFAC2BB95BD2}.Debug|Any CPU.Build.0 = Debug|Any CPU
		{08923C33-886B-4016-B1A6-BFAC2BB95BD2}.Debug|Any CPU.Deploy.0 = Debug|Any CPU
		{08923C33-886B-4016-B1A6-BFAC2BB95BD2}.Debug|ARM.ActiveCfg = Debug|ARM
		{08923C33-886B-4016-B1A6-BFAC2BB95BD2}.Debug|ARM.Build.0 = Debug|ARM
		{08923C33-886B-4016-B1A6-BFAC2BB95BD2}.Debug|ARM.Deploy.0 = Debug|ARM
		{08923C33-886B-4016-B1A6-BFAC2BB95BD2}.Debug|Mixed Platforms.ActiveCfg = Debug|x86
		{08923C33-886B-4016-B1A6-BFAC2BB95BD2}.Debug|Mixed Platforms.Build.0 = Debug|x86
		{08923C33-886B-4016-B1A6-BFAC2BB95BD2}.Debug|Mixed Platforms.Deploy.0 = Debug|x86
		{08923C33-886B-4016-B1A6-BFAC2BB95BD2}.Debug|x64.ActiveCfg = Debug|x64
		{08923C33-886B-4016-B1A6-BFAC2BB95BD2}.Debug|x64.Build.0 = Debug|x64
		{08923C33-886B-4016-B1A6-BFAC2BB95BD2}.Debug|x64.Deploy.0 = Debug|x64
		{08923C33-886B-4016-B1A6-BFAC2BB95BD2}.Debug|x86.ActiveCfg = Debug|x86
		{08923C33-886B-4016-B1A6-BFAC2BB95BD2}.Debug|x86.Build.0 = Debug|x86
		{08923C33-886B-4016-B1A6-BFAC2BB95BD2}.Debug|x86.Deploy.0 = Debug|x86
		{08923C33-886B-4016-B1A6-BFAC2BB95BD2}.Release|Any CPU.ActiveCfg = Release|Any CPU
		{08923C33-886B-4016-B1A6-BFAC2BB95BD2}.Release|Any CPU.Build.0 = Release|Any CPU
		{08923C33-886B-4016-B1A6-BFAC2BB95BD2}.Release|Any CPU.Deploy.0 = Release|Any CPU
		{08923C33-886B-4016-B1A6-BFAC2BB95BD2}.Release|ARM.ActiveCfg = Release|ARM
		{08923C33-886B-4016-B1A6-BFAC2BB95BD2}.Release|ARM.Build.0 = Release|ARM
		{08923C33-886B-4016-B1A6-BFAC2BB95BD2}.Release|ARM.Deploy.0 = Release|ARM
		{08923C33-886B-4016-B1A6-BFAC2BB95BD2}.Release|Mixed Platforms.ActiveCfg = Release|x86
		{08923C33-886B-4016-B1A6-BFAC2BB95BD2}.Release|Mixed Platforms.Build.0 = Release|x86
		{08923C33-886B-4016-B1A6-BFAC2BB95BD2}.Release|Mixed Platforms.Deploy.0 = Release|x86
		{08923C33-886B-4016-B1A6-BFAC2BB95BD2}.Release|x64.ActiveCfg = Release|x64
		{08923C33-886B-4016-B1A6-BFAC2BB95BD2}.Release|x64.Build.0 = Release|x64
		{08923C33-886B-4016-B1A6-BFAC2BB95BD2}.Release|x64.Deploy.0 = Release|x64
		{08923C33-886B-4016-B1A6-BFAC2BB95BD2}.Release|x86.ActiveCfg = Release|x86
		{08923C33-886B-4016-B1A6-BFAC2BB95BD2}.Release|x86.Build.0 = Release|x86
		{08923C33-886B-4016-B1A6-BFAC2BB95BD2}.Release|x86.Deploy.0 = Release|x86
		{F766F5CF-9AAF-48EF-9515-A0D808DEB9E5}.Debug|Any CPU.ActiveCfg = Debug|Any CPU
		{F766F5CF-9AAF-48EF-9515-A0D808DEB9E5}.Debug|Any CPU.Build.0 = Debug|Any CPU
		{F766F5CF-9AAF-48EF-9515-A0D808DEB9E5}.Debug|ARM.ActiveCfg = Debug|ARM
		{F766F5CF-9AAF-48EF-9515-A0D808DEB9E5}.Debug|ARM.Build.0 = Debug|ARM
		{F766F5CF-9AAF-48EF-9515-A0D808DEB9E5}.Debug|Mixed Platforms.ActiveCfg = Debug|x86
		{F766F5CF-9AAF-48EF-9515-A0D808DEB9E5}.Debug|Mixed Platforms.Build.0 = Debug|x86
		{F766F5CF-9AAF-48EF-9515-A0D808DEB9E5}.Debug|x64.ActiveCfg = Debug|x64
		{F766F5CF-9AAF-48EF-9515-A0D808DEB9E5}.Debug|x64.Build.0 = Debug|x64
		{F766F5CF-9AAF-48EF-9515-A0D808DEB9E5}.Debug|x86.ActiveCfg = Debug|x86
		{F766F5CF-9AAF-48EF-9515-A0D808DEB9E5}.Debug|x86.Build.0 = Debug|x86
		{F766F5CF-9AAF-48EF-9515-A0D808DEB9E5}.Release|Any CPU.ActiveCfg = Release|Any CPU
		{F766F5CF-9AAF-48EF-9515-A0D808DEB9E5}.Release|Any CPU.Build.0 = Release|Any CPU
		{F766F5CF-9AAF-48EF-9515-A0D808DEB9E5}.Release|ARM.ActiveCfg = Release|ARM
		{F766F5CF-9AAF-48EF-9515-A0D808DEB9E5}.Release|ARM.Build.0 = Release|ARM
		{F766F5CF-9AAF-48EF-9515-A0D808DEB9E5}.Release|Mixed Platforms.ActiveCfg = Release|x86
		{F766F5CF-9AAF-48EF-9515-A0D808DEB9E5}.Release|Mixed Platforms.Build.0 = Release|x86
		{F766F5CF-9AAF-48EF-9515-A0D808DEB9E5}.Release|x64.ActiveCfg = Release|x64
		{F766F5CF-9AAF-48EF-9515-A0D808DEB9E5}.Release|x64.Build.0 = Release|x64
		{F766F5CF-9AAF-48EF-9515-A0D808DEB9E5}.Release|x86.ActiveCfg = Release|x86
		{F766F5CF-9AAF-48EF-9515-A0D808DEB9E5}.Release|x86.Build.0 = Release|x86
		{EBCF67FA-CCA0-4119-B108-90D8CF5A760A}.Debug|Any CPU.ActiveCfg = Debug|Any CPU
		{EBCF67FA-CCA0-4119-B108-90D8CF5A760A}.Debug|Any CPU.Build.0 = Debug|Any CPU
		{EBCF67FA-CCA0-4119-B108-90D8CF5A760A}.Debug|Any CPU.Deploy.0 = Debug|Any CPU
		{EBCF67FA-CCA0-4119-B108-90D8CF5A760A}.Debug|ARM.ActiveCfg = Debug|ARM
		{EBCF67FA-CCA0-4119-B108-90D8CF5A760A}.Debug|ARM.Build.0 = Debug|ARM
		{EBCF67FA-CCA0-4119-B108-90D8CF5A760A}.Debug|ARM.Deploy.0 = Debug|ARM
		{EBCF67FA-CCA0-4119-B108-90D8CF5A760A}.Debug|Mixed Platforms.ActiveCfg = Debug|x86
		{EBCF67FA-CCA0-4119-B108-90D8CF5A760A}.Debug|Mixed Platforms.Build.0 = Debug|x86
		{EBCF67FA-CCA0-4119-B108-90D8CF5A760A}.Debug|Mixed Platforms.Deploy.0 = Debug|x86
		{EBCF67FA-CCA0-4119-B108-90D8CF5A760A}.Debug|x64.ActiveCfg = Debug|x64
		{EBCF67FA-CCA0-4119-B108-90D8CF5A760A}.Debug|x64.Build.0 = Debug|x64
		{EBCF67FA-CCA0-4119-B108-90D8CF5A760A}.Debug|x64.Deploy.0 = Debug|x64
		{EBCF67FA-CCA0-4119-B108-90D8CF5A760A}.Debug|x86.ActiveCfg = Debug|x86
		{EBCF67FA-CCA0-4119-B108-90D8CF5A760A}.Debug|x86.Build.0 = Debug|x86
		{EBCF67FA-CCA0-4119-B108-90D8CF5A760A}.Debug|x86.Deploy.0 = Debug|x86
		{EBCF67FA-CCA0-4119-B108-90D8CF5A760A}.Release|Any CPU.ActiveCfg = Release|Any CPU
		{EBCF67FA-CCA0-4119-B108-90D8CF5A760A}.Release|Any CPU.Build.0 = Release|Any CPU
		{EBCF67FA-CCA0-4119-B108-90D8CF5A760A}.Release|Any CPU.Deploy.0 = Release|Any CPU
		{EBCF67FA-CCA0-4119-B108-90D8CF5A760A}.Release|ARM.ActiveCfg = Release|ARM
		{EBCF67FA-CCA0-4119-B108-90D8CF5A760A}.Release|ARM.Build.0 = Release|ARM
		{EBCF67FA-CCA0-4119-B108-90D8CF5A760A}.Release|ARM.Deploy.0 = Release|ARM
		{EBCF67FA-CCA0-4119-B108-90D8CF5A760A}.Release|Mixed Platforms.ActiveCfg = Release|x86
		{EBCF67FA-CCA0-4119-B108-90D8CF5A760A}.Release|Mixed Platforms.Build.0 = Release|x86
		{EBCF67FA-CCA0-4119-B108-90D8CF5A760A}.Release|Mixed Platforms.Deploy.0 = Release|x86
		{EBCF67FA-CCA0-4119-B108-90D8CF5A760A}.Release|x64.ActiveCfg = Release|x64
		{EBCF67FA-CCA0-4119-B108-90D8CF5A760A}.Release|x64.Build.0 = Release|x64
		{EBCF67FA-CCA0-4119-B108-90D8CF5A760A}.Release|x64.Deploy.0 = Release|x64
		{EBCF67FA-CCA0-4119-B108-90D8CF5A760A}.Release|x86.ActiveCfg = Release|x86
		{EBCF67FA-CCA0-4119-B108-90D8CF5A760A}.Release|x86.Build.0 = Release|x86
		{EBCF67FA-CCA0-4119-B108-90D8CF5A760A}.Release|x86.Deploy.0 = Release|x86
		{DC23D49C-81CF-44AA-BF19-CE4622DA50BC}.Debug|Any CPU.ActiveCfg = Debug|Any CPU
		{DC23D49C-81CF-44AA-BF19-CE4622DA50BC}.Debug|Any CPU.Build.0 = Debug|Any CPU
		{DC23D49C-81CF-44AA-BF19-CE4622DA50BC}.Debug|ARM.ActiveCfg = Debug|Any CPU
		{DC23D49C-81CF-44AA-BF19-CE4622DA50BC}.Debug|Mixed Platforms.ActiveCfg = Debug|Any CPU
		{DC23D49C-81CF-44AA-BF19-CE4622DA50BC}.Debug|Mixed Platforms.Build.0 = Debug|Any CPU
		{DC23D49C-81CF-44AA-BF19-CE4622DA50BC}.Debug|x64.ActiveCfg = Debug|Any CPU
		{DC23D49C-81CF-44AA-BF19-CE4622DA50BC}.Debug|x86.ActiveCfg = Debug|Any CPU
		{DC23D49C-81CF-44AA-BF19-CE4622DA50BC}.Release|Any CPU.ActiveCfg = Release|Any CPU
		{DC23D49C-81CF-44AA-BF19-CE4622DA50BC}.Release|Any CPU.Build.0 = Release|Any CPU
		{DC23D49C-81CF-44AA-BF19-CE4622DA50BC}.Release|ARM.ActiveCfg = Release|Any CPU
		{DC23D49C-81CF-44AA-BF19-CE4622DA50BC}.Release|Mixed Platforms.ActiveCfg = Release|Any CPU
		{DC23D49C-81CF-44AA-BF19-CE4622DA50BC}.Release|Mixed Platforms.Build.0 = Release|Any CPU
		{DC23D49C-81CF-44AA-BF19-CE4622DA50BC}.Release|x64.ActiveCfg = Release|Any CPU
		{DC23D49C-81CF-44AA-BF19-CE4622DA50BC}.Release|x86.ActiveCfg = Release|Any CPU
		{8BEDB33B-A1C5-46F1-85B4-74249FDB3486}.Debug|Any CPU.ActiveCfg = Debug|Any CPU
		{8BEDB33B-A1C5-46F1-85B4-74249FDB3486}.Debug|Any CPU.Build.0 = Debug|Any CPU
		{8BEDB33B-A1C5-46F1-85B4-74249FDB3486}.Debug|ARM.ActiveCfg = Debug|Any CPU
		{8BEDB33B-A1C5-46F1-85B4-74249FDB3486}.Debug|Mixed Platforms.ActiveCfg = Debug|Any CPU
		{8BEDB33B-A1C5-46F1-85B4-74249FDB3486}.Debug|Mixed Platforms.Build.0 = Debug|Any CPU
		{8BEDB33B-A1C5-46F1-85B4-74249FDB3486}.Debug|x64.ActiveCfg = Debug|Any CPU
		{8BEDB33B-A1C5-46F1-85B4-74249FDB3486}.Debug|x86.ActiveCfg = Debug|Any CPU
		{8BEDB33B-A1C5-46F1-85B4-74249FDB3486}.Release|Any CPU.ActiveCfg = Release|Any CPU
		{8BEDB33B-A1C5-46F1-85B4-74249FDB3486}.Release|Any CPU.Build.0 = Release|Any CPU
		{8BEDB33B-A1C5-46F1-85B4-74249FDB3486}.Release|ARM.ActiveCfg = Release|Any CPU
		{8BEDB33B-A1C5-46F1-85B4-74249FDB3486}.Release|Mixed Platforms.ActiveCfg = Release|Any CPU
		{8BEDB33B-A1C5-46F1-85B4-74249FDB3486}.Release|Mixed Platforms.Build.0 = Release|Any CPU
		{8BEDB33B-A1C5-46F1-85B4-74249FDB3486}.Release|x64.ActiveCfg = Release|Any CPU
		{8BEDB33B-A1C5-46F1-85B4-74249FDB3486}.Release|x86.ActiveCfg = Release|Any CPU
		{D43BBCDE-2C19-4F44-A57D-E2B57C741FBC}.Debug|Any CPU.ActiveCfg = Debug|Any CPU
		{D43BBCDE-2C19-4F44-A57D-E2B57C741FBC}.Debug|Any CPU.Build.0 = Debug|Any CPU
		{D43BBCDE-2C19-4F44-A57D-E2B57C741FBC}.Debug|ARM.ActiveCfg = Debug|Any CPU
		{D43BBCDE-2C19-4F44-A57D-E2B57C741FBC}.Debug|Mixed Platforms.ActiveCfg = Debug|Any CPU
		{D43BBCDE-2C19-4F44-A57D-E2B57C741FBC}.Debug|Mixed Platforms.Build.0 = Debug|Any CPU
		{D43BBCDE-2C19-4F44-A57D-E2B57C741FBC}.Debug|x64.ActiveCfg = Debug|Any CPU
		{D43BBCDE-2C19-4F44-A57D-E2B57C741FBC}.Debug|x86.ActiveCfg = Debug|Any CPU
		{D43BBCDE-2C19-4F44-A57D-E2B57C741FBC}.Release|Any CPU.ActiveCfg = Release|Any CPU
		{D43BBCDE-2C19-4F44-A57D-E2B57C741FBC}.Release|Any CPU.Build.0 = Release|Any CPU
		{D43BBCDE-2C19-4F44-A57D-E2B57C741FBC}.Release|ARM.ActiveCfg = Release|Any CPU
		{D43BBCDE-2C19-4F44-A57D-E2B57C741FBC}.Release|Mixed Platforms.ActiveCfg = Release|Any CPU
		{D43BBCDE-2C19-4F44-A57D-E2B57C741FBC}.Release|Mixed Platforms.Build.0 = Release|Any CPU
		{D43BBCDE-2C19-4F44-A57D-E2B57C741FBC}.Release|x64.ActiveCfg = Release|Any CPU
		{D43BBCDE-2C19-4F44-A57D-E2B57C741FBC}.Release|x86.ActiveCfg = Release|Any CPU
		{FBFF364A-D072-46C7-8382-7F95CCA685C8}.Debug|Any CPU.ActiveCfg = Debug|Any CPU
		{FBFF364A-D072-46C7-8382-7F95CCA685C8}.Debug|Any CPU.Build.0 = Debug|Any CPU
		{FBFF364A-D072-46C7-8382-7F95CCA685C8}.Debug|Any CPU.Deploy.0 = Debug|Any CPU
		{FBFF364A-D072-46C7-8382-7F95CCA685C8}.Debug|ARM.ActiveCfg = Debug|ARM
		{FBFF364A-D072-46C7-8382-7F95CCA685C8}.Debug|ARM.Build.0 = Debug|ARM
		{FBFF364A-D072-46C7-8382-7F95CCA685C8}.Debug|ARM.Deploy.0 = Debug|ARM
		{FBFF364A-D072-46C7-8382-7F95CCA685C8}.Debug|Mixed Platforms.ActiveCfg = Debug|x86
		{FBFF364A-D072-46C7-8382-7F95CCA685C8}.Debug|Mixed Platforms.Build.0 = Debug|x86
		{FBFF364A-D072-46C7-8382-7F95CCA685C8}.Debug|Mixed Platforms.Deploy.0 = Debug|x86
		{FBFF364A-D072-46C7-8382-7F95CCA685C8}.Debug|x64.ActiveCfg = Debug|x64
		{FBFF364A-D072-46C7-8382-7F95CCA685C8}.Debug|x64.Build.0 = Debug|x64
		{FBFF364A-D072-46C7-8382-7F95CCA685C8}.Debug|x64.Deploy.0 = Debug|x64
		{FBFF364A-D072-46C7-8382-7F95CCA685C8}.Debug|x86.ActiveCfg = Debug|x86
		{FBFF364A-D072-46C7-8382-7F95CCA685C8}.Debug|x86.Build.0 = Debug|x86
		{FBFF364A-D072-46C7-8382-7F95CCA685C8}.Debug|x86.Deploy.0 = Debug|x86
		{FBFF364A-D072-46C7-8382-7F95CCA685C8}.Release|Any CPU.ActiveCfg = Release|Any CPU
		{FBFF364A-D072-46C7-8382-7F95CCA685C8}.Release|Any CPU.Build.0 = Release|Any CPU
		{FBFF364A-D072-46C7-8382-7F95CCA685C8}.Release|Any CPU.Deploy.0 = Release|Any CPU
		{FBFF364A-D072-46C7-8382-7F95CCA685C8}.Release|ARM.ActiveCfg = Release|ARM
		{FBFF364A-D072-46C7-8382-7F95CCA685C8}.Release|ARM.Build.0 = Release|ARM
		{FBFF364A-D072-46C7-8382-7F95CCA685C8}.Release|ARM.Deploy.0 = Release|ARM
		{FBFF364A-D072-46C7-8382-7F95CCA685C8}.Release|Mixed Platforms.ActiveCfg = Release|x86
		{FBFF364A-D072-46C7-8382-7F95CCA685C8}.Release|Mixed Platforms.Build.0 = Release|x86
		{FBFF364A-D072-46C7-8382-7F95CCA685C8}.Release|Mixed Platforms.Deploy.0 = Release|x86
		{FBFF364A-D072-46C7-8382-7F95CCA685C8}.Release|x64.ActiveCfg = Release|x64
		{FBFF364A-D072-46C7-8382-7F95CCA685C8}.Release|x64.Build.0 = Release|x64
		{FBFF364A-D072-46C7-8382-7F95CCA685C8}.Release|x64.Deploy.0 = Release|x64
		{FBFF364A-D072-46C7-8382-7F95CCA685C8}.Release|x86.ActiveCfg = Release|x86
		{FBFF364A-D072-46C7-8382-7F95CCA685C8}.Release|x86.Build.0 = Release|x86
		{FBFF364A-D072-46C7-8382-7F95CCA685C8}.Release|x86.Deploy.0 = Release|x86
		{E80213DF-1E94-4748-90ED-9A527BFD2371}.Debug|Any CPU.ActiveCfg = Debug|Any CPU
		{E80213DF-1E94-4748-90ED-9A527BFD2371}.Debug|Any CPU.Build.0 = Debug|Any CPU
		{E80213DF-1E94-4748-90ED-9A527BFD2371}.Debug|ARM.ActiveCfg = Debug|ARM
		{E80213DF-1E94-4748-90ED-9A527BFD2371}.Debug|ARM.Build.0 = Debug|ARM
		{E80213DF-1E94-4748-90ED-9A527BFD2371}.Debug|Mixed Platforms.ActiveCfg = Debug|x86
		{E80213DF-1E94-4748-90ED-9A527BFD2371}.Debug|Mixed Platforms.Build.0 = Debug|x86
		{E80213DF-1E94-4748-90ED-9A527BFD2371}.Debug|x64.ActiveCfg = Debug|Any CPU
		{E80213DF-1E94-4748-90ED-9A527BFD2371}.Debug|x86.ActiveCfg = Debug|x86
		{E80213DF-1E94-4748-90ED-9A527BFD2371}.Debug|x86.Build.0 = Debug|x86
		{E80213DF-1E94-4748-90ED-9A527BFD2371}.Release|Any CPU.ActiveCfg = Release|Any CPU
		{E80213DF-1E94-4748-90ED-9A527BFD2371}.Release|Any CPU.Build.0 = Release|Any CPU
		{E80213DF-1E94-4748-90ED-9A527BFD2371}.Release|ARM.ActiveCfg = Release|ARM
		{E80213DF-1E94-4748-90ED-9A527BFD2371}.Release|ARM.Build.0 = Release|ARM
		{E80213DF-1E94-4748-90ED-9A527BFD2371}.Release|Mixed Platforms.ActiveCfg = Release|x86
		{E80213DF-1E94-4748-90ED-9A527BFD2371}.Release|Mixed Platforms.Build.0 = Release|x86
		{E80213DF-1E94-4748-90ED-9A527BFD2371}.Release|x64.ActiveCfg = Release|Any CPU
		{E80213DF-1E94-4748-90ED-9A527BFD2371}.Release|x86.ActiveCfg = Release|x86
		{E80213DF-1E94-4748-90ED-9A527BFD2371}.Release|x86.Build.0 = Release|x86
		{8B2342A9-4FA0-49E0-A7FE-6630263E9CE0}.Debug|Any CPU.ActiveCfg = Debug|x86
		{8B2342A9-4FA0-49E0-A7FE-6630263E9CE0}.Debug|ARM.ActiveCfg = Debug|ARM
		{8B2342A9-4FA0-49E0-A7FE-6630263E9CE0}.Debug|ARM.Build.0 = Debug|ARM
		{8B2342A9-4FA0-49E0-A7FE-6630263E9CE0}.Debug|ARM.Deploy.0 = Debug|ARM
		{8B2342A9-4FA0-49E0-A7FE-6630263E9CE0}.Debug|Mixed Platforms.ActiveCfg = Debug|x86
		{8B2342A9-4FA0-49E0-A7FE-6630263E9CE0}.Debug|Mixed Platforms.Build.0 = Debug|x86
		{8B2342A9-4FA0-49E0-A7FE-6630263E9CE0}.Debug|Mixed Platforms.Deploy.0 = Debug|x86
		{8B2342A9-4FA0-49E0-A7FE-6630263E9CE0}.Debug|x64.ActiveCfg = Debug|x86
		{8B2342A9-4FA0-49E0-A7FE-6630263E9CE0}.Debug|x86.ActiveCfg = Debug|x86
		{8B2342A9-4FA0-49E0-A7FE-6630263E9CE0}.Debug|x86.Build.0 = Debug|x86
		{8B2342A9-4FA0-49E0-A7FE-6630263E9CE0}.Debug|x86.Deploy.0 = Debug|x86
		{8B2342A9-4FA0-49E0-A7FE-6630263E9CE0}.Release|Any CPU.ActiveCfg = Release|x86
		{8B2342A9-4FA0-49E0-A7FE-6630263E9CE0}.Release|ARM.ActiveCfg = Release|ARM
		{8B2342A9-4FA0-49E0-A7FE-6630263E9CE0}.Release|ARM.Build.0 = Release|ARM
		{8B2342A9-4FA0-49E0-A7FE-6630263E9CE0}.Release|ARM.Deploy.0 = Release|ARM
		{8B2342A9-4FA0-49E0-A7FE-6630263E9CE0}.Release|Mixed Platforms.ActiveCfg = Release|x86
		{8B2342A9-4FA0-49E0-A7FE-6630263E9CE0}.Release|Mixed Platforms.Build.0 = Release|x86
		{8B2342A9-4FA0-49E0-A7FE-6630263E9CE0}.Release|Mixed Platforms.Deploy.0 = Release|x86
		{8B2342A9-4FA0-49E0-A7FE-6630263E9CE0}.Release|x64.ActiveCfg = Release|x86
		{8B2342A9-4FA0-49E0-A7FE-6630263E9CE0}.Release|x86.ActiveCfg = Release|x86
		{8B2342A9-4FA0-49E0-A7FE-6630263E9CE0}.Release|x86.Build.0 = Release|x86
		{8B2342A9-4FA0-49E0-A7FE-6630263E9CE0}.Release|x86.Deploy.0 = Release|x86
	EndGlobalSection
	GlobalSection(SolutionProperties) = preSolution
		HideSolutionNode = FALSE
	EndGlobalSection
	GlobalSection(NestedProjects) = preSolution
		{C09F1554-F0DB-4A3E-9BD1-CCBC2AA1D6E1} = {CCA826B0-BBAB-4A04-AB87-B1C3028849BF}
		{474AAFB7-5560-412A-8C98-D5558D24A59E} = {CCA826B0-BBAB-4A04-AB87-B1C3028849BF}
		{72619394-8AEE-42F0-9621-623A1090EE34} = {C0FE398E-F0F0-4346-A0E9-C2EFA1C4EBC9}
		{DBA229C9-D74B-4E91-B810-DEEA48993510} = {C0FE398E-F0F0-4346-A0E9-C2EFA1C4EBC9}
		{B430133E-161B-41E3-A2DE-87B388FFBE0A} = {C0FE398E-F0F0-4346-A0E9-C2EFA1C4EBC9}
		{9A78B997-21F0-4741-925D-D942B3DC12CA} = {91AF4095-22DF-45BF-8F01-56C74B4EBD66}
		{30633F03-7417-4EEE-8DA2-2B7DD3E07CCD} = {91AF4095-22DF-45BF-8F01-56C74B4EBD66}
		{08923C33-886B-4016-B1A6-BFAC2BB95BD2} = {C0FE398E-F0F0-4346-A0E9-C2EFA1C4EBC9}
		{F766F5CF-9AAF-48EF-9515-A0D808DEB9E5} = {CCA826B0-BBAB-4A04-AB87-B1C3028849BF}
		{EBCF67FA-CCA0-4119-B108-90D8CF5A760A} = {91AF4095-22DF-45BF-8F01-56C74B4EBD66}
		{5E161F8F-80B3-48AB-AB8C-B75A1CCD5C31} = {CCA826B0-BBAB-4A04-AB87-B1C3028849BF}
		{DC23D49C-81CF-44AA-BF19-CE4622DA50BC} = {CCA826B0-BBAB-4A04-AB87-B1C3028849BF}
		{8BEDB33B-A1C5-46F1-85B4-74249FDB3486} = {C0FE398E-F0F0-4346-A0E9-C2EFA1C4EBC9}
		{D43BBCDE-2C19-4F44-A57D-E2B57C741FBC} = {CCA826B0-BBAB-4A04-AB87-B1C3028849BF}
		{FBFF364A-D072-46C7-8382-7F95CCA685C8} = {91AF4095-22DF-45BF-8F01-56C74B4EBD66}
		{E80213DF-1E94-4748-90ED-9A527BFD2371} = {CCA826B0-BBAB-4A04-AB87-B1C3028849BF}
		{8B2342A9-4FA0-49E0-A7FE-6630263E9CE0} = {91AF4095-22DF-45BF-8F01-56C74B4EBD66}
		{09B6DB37-B8DF-4AF4-A3BE-3D0A0CB1466A} = {91AF4095-22DF-45BF-8F01-56C74B4EBD66}
	EndGlobalSection
EndGlobal
