
Microsoft Visual Studio Solution File, Format Version 12.00
# Visual Studio 15
VisualStudioVersion = 15.0.26228.10
MinimumVisualStudioVersion = 10.0.40219.1
Project("{9A19103F-16F7-4668-BE54-9A1E7A4F7556}") = "FeatureToggle.NetStandard", "FeatureToggle.NetStandard\FeatureToggle.NetStandard.csproj", "{CF907E9A-84E6-4816-A2A6-CDC1350C05EC}"
EndProject
Project("{FAE04EC0-301F-11D3-BF4B-00C04F79EFBC}") = "FeatureToggle.NetFull", "FeatureToggle.NetFull\FeatureToggle.NetFull.csproj", "{75A09049-3355-4577-A62E-12F376F83987}"
EndProject
Project("{9A19103F-16F7-4668-BE54-9A1E7A4F7556}") = "FeatureToggle.NetCore", "FeatureToggle.NetCore\FeatureToggle.NetCore.csproj", "{B08179C8-9BC1-43F8-9121-431889FFDBE3}"
EndProject
Project("{2150E333-8FDC-42A3-9474-1A3956D46DE8}") = "Tests", "Tests", "{3DB3556F-3F47-42B4-A60C-70A990EE5D3E}"
EndProject
Project("{9A19103F-16F7-4668-BE54-9A1E7A4F7556}") = "FeatureToggle.NetCore.Tests", "Tests\FeatureToggle.NetCore.Tests\FeatureToggle.NetCore.Tests.csproj", "{D53D7427-7230-4AF2-92C1-13084A7DA48E}"
EndProject
Project("{FAE04EC0-301F-11D3-BF4B-00C04F79EFBC}") = "FeatureToggle.NetFull.Tests", "Tests\FeatureToggle.NetFull.Tests\FeatureToggle.NetFull.Tests.csproj", "{93852865-148E-4A38-A34C-878B1650C4DE}"
EndProject
Project("{FAE04EC0-301F-11D3-BF4B-00C04F79EFBC}") = "FeatureToggle.UAP.Tests", "Tests\FeatureToggle.UAP.Tests\FeatureToggle.UAP.Tests.csproj", "{E378C19A-178D-4C59-AF1E-D03977C1F7AB}"
EndProject
Project("{FAE04EC0-301F-11D3-BF4B-00C04F79EFBC}") = "FeatureToggle.UAP", "FeatureToggle.UAP\FeatureToggle.UAP.csproj", "{F3D70BE0-3D01-4C12-A049-C329DF5423FA}"
EndProject
Project("{D954291E-2A0B-460D-934E-DC6B0785DB48}") = "FeatureToggle.Shared", "FeatureToggle.Shared\FeatureToggle.Shared.shproj", "{8774F64C-A9D9-4405-BBDC-8BA34BD0F250}"
EndProject
Project("{D954291E-2A0B-460D-934E-DC6B0785DB48}") = "FeatureToggle.Shared.Tests", "Tests\FeatureToggle.Shared.Tests\FeatureToggle.Shared.Tests.shproj", "{ED6BD629-1D2B-4ACF-9AD4-23666285AD93}"
EndProject
Project("{2150E333-8FDC-42A3-9474-1A3956D46DE8}") = "Examples", "Examples", "{79664515-248D-4CA5-94F7-A1F59AA56197}"
EndProject
Project("{FAE04EC0-301F-11D3-BF4B-00C04F79EFBC}") = "UWP10Example", "Examples\UWP10Example\UWP10Example.csproj", "{248F49F8-FEC5-495B-871C-D1E4A22F42B5}"
EndProject
Project("{FAE04EC0-301F-11D3-BF4B-00C04F79EFBC}") = "AspDotNetCoreExample", "Examples\AspDotNetCoreExample\AspDotNetCoreExample.csproj", "{1DE7B3C4-9B93-4D2C-B0FA-C08D348D7C4D}"
EndProject
Project("{FAE04EC0-301F-11D3-BF4B-00C04F79EFBC}") = "ConsoleAppDotNetCore", "Examples\ConsoleAppDotNetCore\ConsoleAppDotNetCore.csproj", "{A7DFC305-4A24-4AE4-B570-31238639CCDE}"
EndProject
Global
	GlobalSection(SharedMSBuildProjectFiles) = preSolution
		FeatureToggle.Shared\FeatureToggle.Shared.projitems*{75a09049-3355-4577-a62e-12f376f83987}*SharedItemsImports = 4
		FeatureToggle.Shared\FeatureToggle.Shared.projitems*{8774f64c-a9d9-4405-bbdc-8ba34bd0f250}*SharedItemsImports = 13
		Tests\FeatureToggle.Shared.Tests\FeatureToggle.Shared.Tests.projitems*{93852865-148e-4a38-a34c-878b1650c4de}*SharedItemsImports = 4
		Tests\FeatureToggle.Shared.Tests\FeatureToggle.Shared.Tests.projitems*{e378c19a-178d-4c59-af1e-d03977c1f7ab}*SharedItemsImports = 4
		Tests\FeatureToggle.Shared.Tests\FeatureToggle.Shared.Tests.projitems*{ed6bd629-1d2b-4acf-9ad4-23666285ad93}*SharedItemsImports = 13
		FeatureToggle.Shared\FeatureToggle.Shared.projitems*{f3d70be0-3d01-4c12-a049-c329df5423fa}*SharedItemsImports = 4
	EndGlobalSection
	GlobalSection(SolutionConfigurationPlatforms) = preSolution
		Debug|Any CPU = Debug|Any CPU
		Debug|ARM = Debug|ARM
		Debug|x64 = Debug|x64
		Debug|x86 = Debug|x86
		Release|Any CPU = Release|Any CPU
		Release|ARM = Release|ARM
		Release|x64 = Release|x64
		Release|x86 = Release|x86
	EndGlobalSection
	GlobalSection(ProjectConfigurationPlatforms) = postSolution
		{CF907E9A-84E6-4816-A2A6-CDC1350C05EC}.Debug|Any CPU.ActiveCfg = Debug|Any CPU
		{CF907E9A-84E6-4816-A2A6-CDC1350C05EC}.Debug|Any CPU.Build.0 = Debug|Any CPU
		{CF907E9A-84E6-4816-A2A6-CDC1350C05EC}.Debug|ARM.ActiveCfg = Debug|Any CPU
		{CF907E9A-84E6-4816-A2A6-CDC1350C05EC}.Debug|ARM.Build.0 = Debug|Any CPU
		{CF907E9A-84E6-4816-A2A6-CDC1350C05EC}.Debug|x64.ActiveCfg = Debug|Any CPU
		{CF907E9A-84E6-4816-A2A6-CDC1350C05EC}.Debug|x64.Build.0 = Debug|Any CPU
		{CF907E9A-84E6-4816-A2A6-CDC1350C05EC}.Debug|x86.ActiveCfg = Debug|Any CPU
		{CF907E9A-84E6-4816-A2A6-CDC1350C05EC}.Debug|x86.Build.0 = Debug|Any CPU
		{CF907E9A-84E6-4816-A2A6-CDC1350C05EC}.Release|Any CPU.ActiveCfg = Release|Any CPU
		{CF907E9A-84E6-4816-A2A6-CDC1350C05EC}.Release|Any CPU.Build.0 = Release|Any CPU
		{CF907E9A-84E6-4816-A2A6-CDC1350C05EC}.Release|ARM.ActiveCfg = Release|Any CPU
		{CF907E9A-84E6-4816-A2A6-CDC1350C05EC}.Release|ARM.Build.0 = Release|Any CPU
		{CF907E9A-84E6-4816-A2A6-CDC1350C05EC}.Release|x64.ActiveCfg = Release|Any CPU
		{CF907E9A-84E6-4816-A2A6-CDC1350C05EC}.Release|x64.Build.0 = Release|Any CPU
		{CF907E9A-84E6-4816-A2A6-CDC1350C05EC}.Release|x86.ActiveCfg = Release|Any CPU
		{CF907E9A-84E6-4816-A2A6-CDC1350C05EC}.Release|x86.Build.0 = Release|Any CPU
		{75A09049-3355-4577-A62E-12F376F83987}.Debug|Any CPU.ActiveCfg = Debug|Any CPU
		{75A09049-3355-4577-A62E-12F376F83987}.Debug|Any CPU.Build.0 = Debug|Any CPU
		{75A09049-3355-4577-A62E-12F376F83987}.Debug|ARM.ActiveCfg = Debug|Any CPU
		{75A09049-3355-4577-A62E-12F376F83987}.Debug|ARM.Build.0 = Debug|Any CPU
		{75A09049-3355-4577-A62E-12F376F83987}.Debug|x64.ActiveCfg = Debug|Any CPU
		{75A09049-3355-4577-A62E-12F376F83987}.Debug|x64.Build.0 = Debug|Any CPU
		{75A09049-3355-4577-A62E-12F376F83987}.Debug|x86.ActiveCfg = Debug|Any CPU
		{75A09049-3355-4577-A62E-12F376F83987}.Debug|x86.Build.0 = Debug|Any CPU
		{75A09049-3355-4577-A62E-12F376F83987}.Release|Any CPU.ActiveCfg = Release|Any CPU
		{75A09049-3355-4577-A62E-12F376F83987}.Release|Any CPU.Build.0 = Release|Any CPU
		{75A09049-3355-4577-A62E-12F376F83987}.Release|ARM.ActiveCfg = Release|Any CPU
		{75A09049-3355-4577-A62E-12F376F83987}.Release|ARM.Build.0 = Release|Any CPU
		{75A09049-3355-4577-A62E-12F376F83987}.Release|x64.ActiveCfg = Release|Any CPU
		{75A09049-3355-4577-A62E-12F376F83987}.Release|x64.Build.0 = Release|Any CPU
		{75A09049-3355-4577-A62E-12F376F83987}.Release|x86.ActiveCfg = Release|Any CPU
		{75A09049-3355-4577-A62E-12F376F83987}.Release|x86.Build.0 = Release|Any CPU
		{B08179C8-9BC1-43F8-9121-431889FFDBE3}.Debug|Any CPU.ActiveCfg = Debug|Any CPU
		{B08179C8-9BC1-43F8-9121-431889FFDBE3}.Debug|Any CPU.Build.0 = Debug|Any CPU
		{B08179C8-9BC1-43F8-9121-431889FFDBE3}.Debug|ARM.ActiveCfg = Debug|Any CPU
		{B08179C8-9BC1-43F8-9121-431889FFDBE3}.Debug|ARM.Build.0 = Debug|Any CPU
		{B08179C8-9BC1-43F8-9121-431889FFDBE3}.Debug|x64.ActiveCfg = Debug|Any CPU
		{B08179C8-9BC1-43F8-9121-431889FFDBE3}.Debug|x64.Build.0 = Debug|Any CPU
		{B08179C8-9BC1-43F8-9121-431889FFDBE3}.Debug|x86.ActiveCfg = Debug|Any CPU
		{B08179C8-9BC1-43F8-9121-431889FFDBE3}.Debug|x86.Build.0 = Debug|Any CPU
		{B08179C8-9BC1-43F8-9121-431889FFDBE3}.Release|Any CPU.ActiveCfg = Release|Any CPU
		{B08179C8-9BC1-43F8-9121-431889FFDBE3}.Release|Any CPU.Build.0 = Release|Any CPU
		{B08179C8-9BC1-43F8-9121-431889FFDBE3}.Release|ARM.ActiveCfg = Release|Any CPU
		{B08179C8-9BC1-43F8-9121-431889FFDBE3}.Release|ARM.Build.0 = Release|Any CPU
		{B08179C8-9BC1-43F8-9121-431889FFDBE3}.Release|x64.ActiveCfg = Release|Any CPU
		{B08179C8-9BC1-43F8-9121-431889FFDBE3}.Release|x64.Build.0 = Release|Any CPU
		{B08179C8-9BC1-43F8-9121-431889FFDBE3}.Release|x86.ActiveCfg = Release|Any CPU
		{B08179C8-9BC1-43F8-9121-431889FFDBE3}.Release|x86.Build.0 = Release|Any CPU
		{D53D7427-7230-4AF2-92C1-13084A7DA48E}.Debug|Any CPU.ActiveCfg = Debug|Any CPU
		{D53D7427-7230-4AF2-92C1-13084A7DA48E}.Debug|Any CPU.Build.0 = Debug|Any CPU
		{D53D7427-7230-4AF2-92C1-13084A7DA48E}.Debug|ARM.ActiveCfg = Debug|Any CPU
		{D53D7427-7230-4AF2-92C1-13084A7DA48E}.Debug|ARM.Build.0 = Debug|Any CPU
		{D53D7427-7230-4AF2-92C1-13084A7DA48E}.Debug|x64.ActiveCfg = Debug|Any CPU
		{D53D7427-7230-4AF2-92C1-13084A7DA48E}.Debug|x64.Build.0 = Debug|Any CPU
		{D53D7427-7230-4AF2-92C1-13084A7DA48E}.Debug|x86.ActiveCfg = Debug|Any CPU
		{D53D7427-7230-4AF2-92C1-13084A7DA48E}.Debug|x86.Build.0 = Debug|Any CPU
		{D53D7427-7230-4AF2-92C1-13084A7DA48E}.Release|Any CPU.ActiveCfg = Release|Any CPU
		{D53D7427-7230-4AF2-92C1-13084A7DA48E}.Release|Any CPU.Build.0 = Release|Any CPU
		{D53D7427-7230-4AF2-92C1-13084A7DA48E}.Release|ARM.ActiveCfg = Release|Any CPU
		{D53D7427-7230-4AF2-92C1-13084A7DA48E}.Release|ARM.Build.0 = Release|Any CPU
		{D53D7427-7230-4AF2-92C1-13084A7DA48E}.Release|x64.ActiveCfg = Release|Any CPU
		{D53D7427-7230-4AF2-92C1-13084A7DA48E}.Release|x64.Build.0 = Release|Any CPU
		{D53D7427-7230-4AF2-92C1-13084A7DA48E}.Release|x86.ActiveCfg = Release|Any CPU
		{D53D7427-7230-4AF2-92C1-13084A7DA48E}.Release|x86.Build.0 = Release|Any CPU
		{93852865-148E-4A38-A34C-878B1650C4DE}.Debug|Any CPU.ActiveCfg = Debug|Any CPU
		{93852865-148E-4A38-A34C-878B1650C4DE}.Debug|Any CPU.Build.0 = Debug|Any CPU
		{93852865-148E-4A38-A34C-878B1650C4DE}.Debug|ARM.ActiveCfg = Debug|Any CPU
		{93852865-148E-4A38-A34C-878B1650C4DE}.Debug|ARM.Build.0 = Debug|Any CPU
		{93852865-148E-4A38-A34C-878B1650C4DE}.Debug|x64.ActiveCfg = Debug|Any CPU
		{93852865-148E-4A38-A34C-878B1650C4DE}.Debug|x64.Build.0 = Debug|Any CPU
		{93852865-148E-4A38-A34C-878B1650C4DE}.Debug|x86.ActiveCfg = Debug|Any CPU
		{93852865-148E-4A38-A34C-878B1650C4DE}.Debug|x86.Build.0 = Debug|Any CPU
		{93852865-148E-4A38-A34C-878B1650C4DE}.Release|Any CPU.ActiveCfg = Release|Any CPU
		{93852865-148E-4A38-A34C-878B1650C4DE}.Release|Any CPU.Build.0 = Release|Any CPU
		{93852865-148E-4A38-A34C-878B1650C4DE}.Release|ARM.ActiveCfg = Release|Any CPU
		{93852865-148E-4A38-A34C-878B1650C4DE}.Release|ARM.Build.0 = Release|Any CPU
		{93852865-148E-4A38-A34C-878B1650C4DE}.Release|x64.ActiveCfg = Release|Any CPU
		{93852865-148E-4A38-A34C-878B1650C4DE}.Release|x64.Build.0 = Release|Any CPU
		{93852865-148E-4A38-A34C-878B1650C4DE}.Release|x86.ActiveCfg = Release|Any CPU
		{93852865-148E-4A38-A34C-878B1650C4DE}.Release|x86.Build.0 = Release|Any CPU
		{E378C19A-178D-4C59-AF1E-D03977C1F7AB}.Debug|Any CPU.ActiveCfg = Debug|x86
		{E378C19A-178D-4C59-AF1E-D03977C1F7AB}.Debug|Any CPU.Build.0 = Debug|x86
		{E378C19A-178D-4C59-AF1E-D03977C1F7AB}.Debug|ARM.ActiveCfg = Debug|ARM
		{E378C19A-178D-4C59-AF1E-D03977C1F7AB}.Debug|ARM.Build.0 = Debug|ARM
		{E378C19A-178D-4C59-AF1E-D03977C1F7AB}.Debug|ARM.Deploy.0 = Debug|ARM
		{E378C19A-178D-4C59-AF1E-D03977C1F7AB}.Debug|x64.ActiveCfg = Debug|x64
		{E378C19A-178D-4C59-AF1E-D03977C1F7AB}.Debug|x64.Build.0 = Debug|x64
		{E378C19A-178D-4C59-AF1E-D03977C1F7AB}.Debug|x64.Deploy.0 = Debug|x64
		{E378C19A-178D-4C59-AF1E-D03977C1F7AB}.Debug|x86.ActiveCfg = Debug|x86
		{E378C19A-178D-4C59-AF1E-D03977C1F7AB}.Debug|x86.Build.0 = Debug|x86
		{E378C19A-178D-4C59-AF1E-D03977C1F7AB}.Debug|x86.Deploy.0 = Debug|x86
		{E378C19A-178D-4C59-AF1E-D03977C1F7AB}.Release|Any CPU.ActiveCfg = Release|x86
		{E378C19A-178D-4C59-AF1E-D03977C1F7AB}.Release|ARM.ActiveCfg = Release|ARM
		{E378C19A-178D-4C59-AF1E-D03977C1F7AB}.Release|ARM.Build.0 = Release|ARM
		{E378C19A-178D-4C59-AF1E-D03977C1F7AB}.Release|ARM.Deploy.0 = Release|ARM
		{E378C19A-178D-4C59-AF1E-D03977C1F7AB}.Release|x64.ActiveCfg = Release|x64
		{E378C19A-178D-4C59-AF1E-D03977C1F7AB}.Release|x64.Build.0 = Release|x64
		{E378C19A-178D-4C59-AF1E-D03977C1F7AB}.Release|x64.Deploy.0 = Release|x64
		{E378C19A-178D-4C59-AF1E-D03977C1F7AB}.Release|x86.ActiveCfg = Release|x86
		{E378C19A-178D-4C59-AF1E-D03977C1F7AB}.Release|x86.Build.0 = Release|x86
		{E378C19A-178D-4C59-AF1E-D03977C1F7AB}.Release|x86.Deploy.0 = Release|x86
		{F3D70BE0-3D01-4C12-A049-C329DF5423FA}.Debug|Any CPU.ActiveCfg = Debug|Any CPU
		{F3D70BE0-3D01-4C12-A049-C329DF5423FA}.Debug|Any CPU.Build.0 = Debug|Any CPU
		{F3D70BE0-3D01-4C12-A049-C329DF5423FA}.Debug|ARM.ActiveCfg = Debug|ARM
		{F3D70BE0-3D01-4C12-A049-C329DF5423FA}.Debug|ARM.Build.0 = Debug|ARM
		{F3D70BE0-3D01-4C12-A049-C329DF5423FA}.Debug|x64.ActiveCfg = Debug|x64
		{F3D70BE0-3D01-4C12-A049-C329DF5423FA}.Debug|x64.Build.0 = Debug|x64
		{F3D70BE0-3D01-4C12-A049-C329DF5423FA}.Debug|x86.ActiveCfg = Debug|x86
		{F3D70BE0-3D01-4C12-A049-C329DF5423FA}.Debug|x86.Build.0 = Debug|x86
		{F3D70BE0-3D01-4C12-A049-C329DF5423FA}.Release|Any CPU.ActiveCfg = Release|Any CPU
		{F3D70BE0-3D01-4C12-A049-C329DF5423FA}.Release|Any CPU.Build.0 = Release|Any CPU
		{F3D70BE0-3D01-4C12-A049-C329DF5423FA}.Release|ARM.ActiveCfg = Release|ARM
		{F3D70BE0-3D01-4C12-A049-C329DF5423FA}.Release|ARM.Build.0 = Release|ARM
		{F3D70BE0-3D01-4C12-A049-C329DF5423FA}.Release|x64.ActiveCfg = Release|x64
		{F3D70BE0-3D01-4C12-A049-C329DF5423FA}.Release|x64.Build.0 = Release|x64
		{F3D70BE0-3D01-4C12-A049-C329DF5423FA}.Release|x86.ActiveCfg = Release|x86
		{F3D70BE0-3D01-4C12-A049-C329DF5423FA}.Release|x86.Build.0 = Release|x86
		{248F49F8-FEC5-495B-871C-D1E4A22F42B5}.Debug|Any CPU.ActiveCfg = Debug|x86
		{248F49F8-FEC5-495B-871C-D1E4A22F42B5}.Debug|Any CPU.Build.0 = Debug|x86
		{248F49F8-FEC5-495B-871C-D1E4A22F42B5}.Debug|Any CPU.Deploy.0 = Debug|x86
		{248F49F8-FEC5-495B-871C-D1E4A22F42B5}.Debug|ARM.ActiveCfg = Debug|ARM
		{248F49F8-FEC5-495B-871C-D1E4A22F42B5}.Debug|ARM.Build.0 = Debug|ARM
		{248F49F8-FEC5-495B-871C-D1E4A22F42B5}.Debug|ARM.Deploy.0 = Debug|ARM
		{248F49F8-FEC5-495B-871C-D1E4A22F42B5}.Debug|x64.ActiveCfg = Debug|x64
		{248F49F8-FEC5-495B-871C-D1E4A22F42B5}.Debug|x64.Build.0 = Debug|x64
		{248F49F8-FEC5-495B-871C-D1E4A22F42B5}.Debug|x64.Deploy.0 = Debug|x64
		{248F49F8-FEC5-495B-871C-D1E4A22F42B5}.Debug|x86.ActiveCfg = Debug|x86
		{248F49F8-FEC5-495B-871C-D1E4A22F42B5}.Debug|x86.Build.0 = Debug|x86
		{248F49F8-FEC5-495B-871C-D1E4A22F42B5}.Debug|x86.Deploy.0 = Debug|x86
		{248F49F8-FEC5-495B-871C-D1E4A22F42B5}.Release|Any CPU.ActiveCfg = Release|x86
		{248F49F8-FEC5-495B-871C-D1E4A22F42B5}.Release|ARM.ActiveCfg = Release|ARM
		{248F49F8-FEC5-495B-871C-D1E4A22F42B5}.Release|ARM.Build.0 = Release|ARM
		{248F49F8-FEC5-495B-871C-D1E4A22F42B5}.Release|ARM.Deploy.0 = Release|ARM
		{248F49F8-FEC5-495B-871C-D1E4A22F42B5}.Release|x64.ActiveCfg = Release|x64
		{248F49F8-FEC5-495B-871C-D1E4A22F42B5}.Release|x64.Build.0 = Release|x64
		{248F49F8-FEC5-495B-871C-D1E4A22F42B5}.Release|x64.Deploy.0 = Release|x64
		{248F49F8-FEC5-495B-871C-D1E4A22F42B5}.Release|x86.ActiveCfg = Release|x86
		{248F49F8-FEC5-495B-871C-D1E4A22F42B5}.Release|x86.Build.0 = Release|x86
		{248F49F8-FEC5-495B-871C-D1E4A22F42B5}.Release|x86.Deploy.0 = Release|x86
		{1DE7B3C4-9B93-4D2C-B0FA-C08D348D7C4D}.Debug|Any CPU.ActiveCfg = Debug|Any CPU
		{1DE7B3C4-9B93-4D2C-B0FA-C08D348D7C4D}.Debug|Any CPU.Build.0 = Debug|Any CPU
		{1DE7B3C4-9B93-4D2C-B0FA-C08D348D7C4D}.Debug|ARM.ActiveCfg = Debug|Any CPU
		{1DE7B3C4-9B93-4D2C-B0FA-C08D348D7C4D}.Debug|ARM.Build.0 = Debug|Any CPU
		{1DE7B3C4-9B93-4D2C-B0FA-C08D348D7C4D}.Debug|x64.ActiveCfg = Debug|Any CPU
		{1DE7B3C4-9B93-4D2C-B0FA-C08D348D7C4D}.Debug|x64.Build.0 = Debug|Any CPU
		{1DE7B3C4-9B93-4D2C-B0FA-C08D348D7C4D}.Debug|x86.ActiveCfg = Debug|Any CPU
		{1DE7B3C4-9B93-4D2C-B0FA-C08D348D7C4D}.Debug|x86.Build.0 = Debug|Any CPU
		{1DE7B3C4-9B93-4D2C-B0FA-C08D348D7C4D}.Release|Any CPU.ActiveCfg = Release|Any CPU
		{1DE7B3C4-9B93-4D2C-B0FA-C08D348D7C4D}.Release|Any CPU.Build.0 = Release|Any CPU
		{1DE7B3C4-9B93-4D2C-B0FA-C08D348D7C4D}.Release|ARM.ActiveCfg = Release|Any CPU
		{1DE7B3C4-9B93-4D2C-B0FA-C08D348D7C4D}.Release|ARM.Build.0 = Release|Any CPU
		{1DE7B3C4-9B93-4D2C-B0FA-C08D348D7C4D}.Release|x64.ActiveCfg = Release|Any CPU
		{1DE7B3C4-9B93-4D2C-B0FA-C08D348D7C4D}.Release|x64.Build.0 = Release|Any CPU
		{1DE7B3C4-9B93-4D2C-B0FA-C08D348D7C4D}.Release|x86.ActiveCfg = Release|Any CPU
		{1DE7B3C4-9B93-4D2C-B0FA-C08D348D7C4D}.Release|x86.Build.0 = Release|Any CPU
		{A7DFC305-4A24-4AE4-B570-31238639CCDE}.Debug|Any CPU.ActiveCfg = Debug|Any CPU
		{A7DFC305-4A24-4AE4-B570-31238639CCDE}.Debug|Any CPU.Build.0 = Debug|Any CPU
		{A7DFC305-4A24-4AE4-B570-31238639CCDE}.Debug|ARM.ActiveCfg = Debug|Any CPU
		{A7DFC305-4A24-4AE4-B570-31238639CCDE}.Debug|ARM.Build.0 = Debug|Any CPU
		{A7DFC305-4A24-4AE4-B570-31238639CCDE}.Debug|x64.ActiveCfg = Debug|Any CPU
		{A7DFC305-4A24-4AE4-B570-31238639CCDE}.Debug|x64.Build.0 = Debug|Any CPU
		{A7DFC305-4A24-4AE4-B570-31238639CCDE}.Debug|x86.ActiveCfg = Debug|Any CPU
		{A7DFC305-4A24-4AE4-B570-31238639CCDE}.Debug|x86.Build.0 = Debug|Any CPU
		{A7DFC305-4A24-4AE4-B570-31238639CCDE}.Release|Any CPU.ActiveCfg = Release|Any CPU
		{A7DFC305-4A24-4AE4-B570-31238639CCDE}.Release|Any CPU.Build.0 = Release|Any CPU
		{A7DFC305-4A24-4AE4-B570-31238639CCDE}.Release|ARM.ActiveCfg = Release|Any CPU
		{A7DFC305-4A24-4AE4-B570-31238639CCDE}.Release|ARM.Build.0 = Release|Any CPU
		{A7DFC305-4A24-4AE4-B570-31238639CCDE}.Release|x64.ActiveCfg = Release|Any CPU
		{A7DFC305-4A24-4AE4-B570-31238639CCDE}.Release|x64.Build.0 = Release|Any CPU
		{A7DFC305-4A24-4AE4-B570-31238639CCDE}.Release|x86.ActiveCfg = Release|Any CPU
		{A7DFC305-4A24-4AE4-B570-31238639CCDE}.Release|x86.Build.0 = Release|Any CPU
	EndGlobalSection
	GlobalSection(SolutionProperties) = preSolution
		HideSolutionNode = FALSE
	EndGlobalSection
	GlobalSection(NestedProjects) = preSolution
		{D53D7427-7230-4AF2-92C1-13084A7DA48E} = {3DB3556F-3F47-42B4-A60C-70A990EE5D3E}
		{93852865-148E-4A38-A34C-878B1650C4DE} = {3DB3556F-3F47-42B4-A60C-70A990EE5D3E}
		{E378C19A-178D-4C59-AF1E-D03977C1F7AB} = {3DB3556F-3F47-42B4-A60C-70A990EE5D3E}
		{ED6BD629-1D2B-4ACF-9AD4-23666285AD93} = {3DB3556F-3F47-42B4-A60C-70A990EE5D3E}
		{248F49F8-FEC5-495B-871C-D1E4A22F42B5} = {79664515-248D-4CA5-94F7-A1F59AA56197}
		{1DE7B3C4-9B93-4D2C-B0FA-C08D348D7C4D} = {79664515-248D-4CA5-94F7-A1F59AA56197}
		{A7DFC305-4A24-4AE4-B570-31238639CCDE} = {79664515-248D-4CA5-94F7-A1F59AA56197}
	EndGlobalSection
EndGlobal
