
Microsoft Visual Studio Solution File, Format Version 12.00
# Visual Studio 2013
VisualStudioVersion = 12.0.30501.0
MinimumVisualStudioVersion = 10.0.40219.1
Project("{FAE04EC0-301F-11D3-BF4B-00C04F79EFBC}") = "FeatureToggle.Core", "FeatureToggle.Core\FeatureToggle.Core.csproj", "{474AAFB7-5560-412A-8C98-D5558D24A59E}"
EndProject
Project("{FAE04EC0-301F-11D3-BF4B-00C04F79EFBC}") = "FeatureToggle.WindowsPhone", "FeatureToggle.WindowsPhone\FeatureToggle.WindowsPhone.csproj", "{D5CDC85A-0D42-4833-B5E5-B4E9C62A52A5}"
EndProject
Global
	GlobalSection(SharedMSBuildProjectFiles) = preSolution
		FeatureToggle.Shared\FeatureToggle.Shared.projitems*{d5cdc85a-0d42-4833-b5e5-b4e9c62a52a5}*SharedItemsImports = 4
	EndGlobalSection
	GlobalSection(SolutionConfigurationPlatforms) = preSolution
		Debug|Any CPU = Debug|Any CPU
		Debug|ARM = Debug|ARM
		Debug|x86 = Debug|x86
		Release|Any CPU = Release|Any CPU
		Release|ARM = Release|ARM
		Release|x86 = Release|x86
		WindowsStoreOnly|Any CPU = WindowsStoreOnly|Any CPU
		WindowsStoreOnly|ARM = WindowsStoreOnly|ARM
		WindowsStoreOnly|x86 = WindowsStoreOnly|x86
	EndGlobalSection
	GlobalSection(ProjectConfigurationPlatforms) = postSolution
		{474AAFB7-5560-412A-8C98-D5558D24A59E}.Debug|Any CPU.ActiveCfg = Debug|Any CPU
		{474AAFB7-5560-412A-8C98-D5558D24A59E}.Debug|Any CPU.Build.0 = Debug|Any CPU
		{474AAFB7-5560-412A-8C98-D5558D24A59E}.Debug|ARM.ActiveCfg = Debug|Any CPU
		{474AAFB7-5560-412A-8C98-D5558D24A59E}.Debug|x86.ActiveCfg = Debug|Any CPU
		{474AAFB7-5560-412A-8C98-D5558D24A59E}.Release|Any CPU.ActiveCfg = Release|Any CPU
		{474AAFB7-5560-412A-8C98-D5558D24A59E}.Release|Any CPU.Build.0 = Release|Any CPU
		{474AAFB7-5560-412A-8C98-D5558D24A59E}.Release|ARM.ActiveCfg = Release|Any CPU
		{474AAFB7-5560-412A-8C98-D5558D24A59E}.Release|ARM.Build.0 = Release|Any CPU
		{474AAFB7-5560-412A-8C98-D5558D24A59E}.Release|x86.ActiveCfg = Release|Any CPU
		{474AAFB7-5560-412A-8C98-D5558D24A59E}.Release|x86.Build.0 = Release|Any CPU
		{474AAFB7-5560-412A-8C98-D5558D24A59E}.WindowsStoreOnly|Any CPU.ActiveCfg = WindowsStoreOnly|Any CPU
		{474AAFB7-5560-412A-8C98-D5558D24A59E}.WindowsStoreOnly|Any CPU.Build.0 = WindowsStoreOnly|Any CPU
		{474AAFB7-5560-412A-8C98-D5558D24A59E}.WindowsStoreOnly|ARM.ActiveCfg = WindowsStoreOnly|Any CPU
		{474AAFB7-5560-412A-8C98-D5558D24A59E}.WindowsStoreOnly|x86.ActiveCfg = WindowsStoreOnly|Any CPU
		{D5CDC85A-0D42-4833-B5E5-B4E9C62A52A5}.Debug|Any CPU.ActiveCfg = Debug|Any CPU
		{D5CDC85A-0D42-4833-B5E5-B4E9C62A52A5}.Debug|Any CPU.Build.0 = Debug|Any CPU
		{D5CDC85A-0D42-4833-B5E5-B4E9C62A52A5}.Debug|ARM.ActiveCfg = Debug|ARM
		{D5CDC85A-0D42-4833-B5E5-B4E9C62A52A5}.Debug|ARM.Build.0 = Debug|ARM
		{D5CDC85A-0D42-4833-B5E5-B4E9C62A52A5}.Debug|x86.ActiveCfg = Debug|x86
		{D5CDC85A-0D42-4833-B5E5-B4E9C62A52A5}.Debug|x86.Build.0 = Debug|x86
		{D5CDC85A-0D42-4833-B5E5-B4E9C62A52A5}.Release|Any CPU.ActiveCfg = Release|Any CPU
		{D5CDC85A-0D42-4833-B5E5-B4E9C62A52A5}.Release|Any CPU.Build.0 = Release|Any CPU
		{D5CDC85A-0D42-4833-B5E5-B4E9C62A52A5}.Release|ARM.ActiveCfg = Release|ARM
		{D5CDC85A-0D42-4833-B5E5-B4E9C62A52A5}.Release|ARM.Build.0 = Release|ARM
		{D5CDC85A-0D42-4833-B5E5-B4E9C62A52A5}.Release|x86.ActiveCfg = Release|x86
		{D5CDC85A-0D42-4833-B5E5-B4E9C62A52A5}.Release|x86.Build.0 = Release|x86
		{D5CDC85A-0D42-4833-B5E5-B4E9C62A52A5}.WindowsStoreOnly|Any CPU.ActiveCfg = WindowsStoreOnly|Any CPU
		{D5CDC85A-0D42-4833-B5E5-B4E9C62A52A5}.WindowsStoreOnly|Any CPU.Build.0 = WindowsStoreOnly|Any CPU
		{D5CDC85A-0D42-4833-B5E5-B4E9C62A52A5}.WindowsStoreOnly|ARM.ActiveCfg = WindowsStoreOnly|ARM
		{D5CDC85A-0D42-4833-B5E5-B4E9C62A52A5}.WindowsStoreOnly|ARM.Build.0 = WindowsStoreOnly|ARM
		{D5CDC85A-0D42-4833-B5E5-B4E9C62A52A5}.WindowsStoreOnly|x86.ActiveCfg = WindowsStoreOnly|x86
		{D5CDC85A-0D42-4833-B5E5-B4E9C62A52A5}.WindowsStoreOnly|x86.Build.0 = WindowsStoreOnly|x86
	EndGlobalSection
	GlobalSection(SolutionProperties) = preSolution
		HideSolutionNode = FALSE
	EndGlobalSection
EndGlobal
